// !$*UTF8*$!
{
	archiveVersion = 1;
	classes = {
	};
	objectVersion = 70;
	objects = {

/* Begin PBXBuildFile section */
		52049BF8293503A200807AA3 /* devicekit_iosUITests.swift in Sources */ = {isa = PBXBuildFile; fileRef = 52049BF7293503A200807AA3 /* devicekit_iosUITests.swift */; };
		521C1F032D8014410024EE42 /* AXClientProxy.h in Headers */ = {isa = PBXBuildFile; fileRef = 521C1F022D8014340024EE42 /* AXClientProxy.h */; };
		521C1F052D8016950024EE42 /* XCAccessibilityElement.h in Headers */ = {isa = PBXBuildFile; fileRef = 521C1F042D8016950024EE42 /* XCAccessibilityElement.h */; };
		521C1F072D8017480024EE42 /* AXClientProxy.m in Sources */ = {isa = PBXBuildFile; fileRef = 521C1F062D8017460024EE42 /* AXClientProxy.m */; };
		521C1F092D8018590024EE42 /* XCUIApplication+Helper.h in Headers */ = {isa = PBXBuildFile; fileRef = 521C1F082D80184D0024EE42 /* XCUIApplication+Helper.h */; };
		521C1F0B2D801A360024EE42 /* XCUIApplication+Helper.m in Sources */ = {isa = PBXBuildFile; fileRef = 521C1F0A2D801A350024EE42 /* XCUIApplication+Helper.m */; };
		521C1F0C2D8030A30024EE42 /* XCTestManager_ManagerInterface-Protocol.h in Headers */ = {isa = PBXBuildFile; fileRef = 52D8FA622D6DCC600015FAB3 /* XCTestManager_ManagerInterface-Protocol.h */; settings = {ATTRIBUTES = (Public, ); }; };
		521C1F0E2D80518A0024EE42 /* XCTestDaemonsProxy.h in Headers */ = {isa = PBXBuildFile; fileRef = 521C1F0D2D8051890024EE42 /* XCTestDaemonsProxy.h */; };
		521C1F102D8051FC0024EE42 /* XCTestDaemonsProxy.m in Sources */ = {isa = PBXBuildFile; fileRef = 521C1F0F2D8051F20024EE42 /* XCTestDaemonsProxy.m */; };
		526111782DE5E8DA007C356B /* XCAXClient_iOS+FBSnapshotReqParams.h in Headers */ = {isa = PBXBuildFile; fileRef = 526111772DE5E8D0007C356B /* XCAXClient_iOS+FBSnapshotReqParams.h */; };
		5261117A2DE5E8E7007C356B /* XCAXClient_iOS+FBSnapshotReqParams.m in Sources */ = {isa = PBXBuildFile; fileRef = 526111792DE5E8E5007C356B /* XCAXClient_iOS+FBSnapshotReqParams.m */; };
		5279BFD62935ECE20056C609 /* FlyingFox in Frameworks */ = {isa = PBXBuildFile; productRef = 5279BFD52935ECE20056C609 /* FlyingFox */; };
		52D8FA9D2D6DCFAF0015FAB3 /* XCUIApplicationProcess+FBQuiescence.m in Sources */ = {isa = PBXBuildFile; fileRef = 52D8FA9C2D6DCFAF0015FAB3 /* XCUIApplicationProcess+FBQuiescence.m */; };
		52D8FA9F2D6DD0B50015FAB3 /* XCUIApplicationProcess+FBQuiescence.h in Headers */ = {isa = PBXBuildFile; fileRef = 52D8FA9B2D6DCFAF0015FAB3 /* XCUIApplicationProcess+FBQuiescence.h */; };
		52D8FAA02D6DD0E60015FAB3 /* XCAXClient_iOS.h in Headers */ = {isa = PBXBuildFile; fileRef = 52D8FA402D6DCC600015FAB3 /* XCAXClient_iOS.h */; settings = {ATTRIBUTES = (Public, ); }; };
		52D8FAA12D6DD13B0015FAB3 /* _XCTestImplementation.h in Headers */ = {isa = PBXBuildFile; fileRef = 52D8FA2D2D6DCC600015FAB3 /* _XCTestImplementation.h */; settings = {ATTRIBUTES = (Public, ); }; };
		52D8FAA22D6DD1580015FAB3 /* devicekit-iosUITests-Bridging-Header.h in Headers */ = {isa = PBXBuildFile; fileRef = 52D8FA922D6DCF2C0015FAB3 /* devicekit-iosUITests-Bridging-Header.h */; };
		52D8FAA32D6DD16F0015FAB3 /* CDStructures.h in Headers */ = {isa = PBXBuildFile; fileRef = 52D8FA332D6DCC600015FAB3 /* CDStructures.h */; settings = {ATTRIBUTES = (Public, ); }; };
		52D8FAA42D6DD1950015FAB3 /* XCUIApplication.h in Headers */ = {isa = PBXBuildFile; fileRef = 52D8FA7D2D6DCC600015FAB3 /* XCUIApplication.h */; settings = {ATTRIBUTES = (Public, ); }; };
		52D8FAA52D6DD1950015FAB3 /* XCUIApplicationImpl.h in Headers */ = {isa = PBXBuildFile; fileRef = 52D8FA7E2D6DCC600015FAB3 /* XCUIApplicationImpl.h */; settings = {ATTRIBUTES = (Public, ); }; };
		52D8FAA62D6DD1950015FAB3 /* XCUIApplicationProcess.h in Headers */ = {isa = PBXBuildFile; fileRef = 52D8FA7F2D6DCC600015FAB3 /* XCUIApplicationProcess.h */; settings = {ATTRIBUTES = (Public, ); }; };
		52D8FAA72D6DD1950015FAB3 /* XCUICoordinate.h in Headers */ = {isa = PBXBuildFile; fileRef = 52D8FA802D6DCC600015FAB3 /* XCUICoordinate.h */; settings = {ATTRIBUTES = (Public, ); }; };
		52D8FAA82D6DD1950015FAB3 /* XCUIDevice.h in Headers */ = {isa = PBXBuildFile; fileRef = 52D8FA812D6DCC600015FAB3 /* XCUIDevice.h */; settings = {ATTRIBUTES = (Public, ); }; };
		52D8FAAC2D6DD3A20015FAB3 /* FBLogger.m in Sources */ = {isa = PBXBuildFile; fileRef = 52D8FAAB2D6DD3A20015FAB3 /* FBLogger.m */; };
		52D8FAAD2D6DD3A20015FAB3 /* FBLogger.h in Headers */ = {isa = PBXBuildFile; fileRef = 52D8FAAA2D6DD3A20015FAB3 /* FBLogger.h */; settings = {ATTRIBUTES = (Public, ); }; };
		52D8FAB02D6DD4100015FAB3 /* FBConfiguration.m in Sources */ = {isa = PBXBuildFile; fileRef = 52D8FAAF2D6DD4100015FAB3 /* FBConfiguration.m */; };
		52D8FAB12D6DD4100015FAB3 /* FBConfiguration.h in Headers */ = {isa = PBXBuildFile; fileRef = 52D8FAAE2D6DD4100015FAB3 /* FBConfiguration.h */; settings = {ATTRIBUTES = (Public, ); }; };
		52D8FAB42D6DD54F0015FAB3 /* XCUIApplication+FBQuiescence.m in Sources */ = {isa = PBXBuildFile; fileRef = 52D8FAB32D6DD54F0015FAB3 /* XCUIApplication+FBQuiescence.m */; };
		52D8FAB52D6DD54F0015FAB3 /* XCUIApplication+FBQuiescence.h in Headers */ = {isa = PBXBuildFile; fileRef = 52D8FAB22D6DD54F0015FAB3 /* XCUIApplication+FBQuiescence.h */; };
		52E35D432A654F67001D97A8 /* RunningApp.swift in Sources */ = {isa = PBXBuildFile; fileRef = 52E35D422A654F67001D97A8 /* RunningApp.swift */; };
		610D58FB2A49E3CA00B4BBEB /* AXClientSwizzler.swift in Sources */ = {isa = PBXBuildFile; fileRef = 610D58FA2A49E3CA00B4BBEB /* AXClientSwizzler.swift */; };
		6124329E2A4DA5BB00F5F619 /* AXElement.swift in Sources */ = {isa = PBXBuildFile; fileRef = 6124329D2A4DA5BB00F5F619 /* AXElement.swift */; };
		612DE40229801F71003C2BE0 /* XCTest.framework in Frameworks */ = {isa = PBXBuildFile; fileRef = 612DE40129801F71003C2BE0 /* XCTest.framework */; };
		612DE4122984114B003C2BE0 /* RunnerDaemonProxy.swift in Sources */ = {isa = PBXBuildFile; fileRef = 612DE4112984114B003C2BE0 /* RunnerDaemonProxy.swift */; };
		612DE414298426EF003C2BE0 /* EventRecord.swift in Sources */ = {isa = PBXBuildFile; fileRef = 612DE413298426EF003C2BE0 /* EventRecord.swift */; };
		613E87D7299A64BD00FF8551 /* PointerEventPath.swift in Sources */ = {isa = PBXBuildFile; fileRef = 613E87D6299A64BD00FF8551 /* PointerEventPath.swift */; };
		78147F0F2F27AA6B00E61E3B /* IOText.swift in Sources */ = {isa = PBXBuildFile; fileRef = 78147F0E2F27AA6B00E61E3B /* IOText.swift */; };
		78147F3D2F27BDBC00E61E3B /* AppsLaunch.swift in Sources */ = {isa = PBXBuildFile; fileRef = 78147F3C2F27BDBC00E61E3B /* AppsLaunch.swift */; };
		78147FCB2F27C04400E61E3B /* IOSwipe.swift in Sources */ = {isa = PBXBuildFile; fileRef = 78147FCA2F27C03500E61E3B /* IOSwipe.swift */; };
		7814800B2F27C56100E61E3B /* IOLongpress.swift in Sources */ = {isa = PBXBuildFile; fileRef = 7814800A2F27C55500E61E3B /* IOLongpress.swift */; };
		781480372F27CEF000E61E3B /* Screenshot.swift in Sources */ = {isa = PBXBuildFile; fileRef = 781480362F27CEF000E61E3B /* Screenshot.swift */; };
		781480752F27D2BB00E61E3B /* URL.swift in Sources */ = {isa = PBXBuildFile; fileRef = 781480742F27D2B900E61E3B /* URL.swift */; };
		781480FF2F27DEE600E61E3B /* IOGesture.swift in Sources */ = {isa = PBXBuildFile; fileRef = 781480FE2F27DEE600E61E3B /* IOGesture.swift */; };
		7844BCC12F28128A00F7E003 /* OpusCodec in Frameworks */ = {isa = PBXBuildFile; productRef = 7844BCC02F28128A00F7E003 /* OpusCodec */; };
		787C47972F227F6B0027A012 /* JSONRPCModels.swift in Sources */ = {isa = PBXBuildFile; fileRef = 787C47932F227F6B0027A012 /* JSONRPCModels.swift */; };
		787C47982F227F6B0027A012 /* RPCMethodHandler.swift in Sources */ = {isa = PBXBuildFile; fileRef = 787C47942F227F6B0027A012 /* RPCMethodHandler.swift */; };
		787C47992F227F6B0027A012 /* XCTestWebSocketServer.swift in Sources */ = {isa = PBXBuildFile; fileRef = 787C47952F227F6B0027A012 /* XCTestWebSocketServer.swift */; };
		787C479A2F227F6B0027A012 /* JSONRPCDispatcher.swift in Sources */ = {isa = PBXBuildFile; fileRef = 787C47922F227F6B0027A012 /* JSONRPCDispatcher.swift */; };
		787C47DF2F228B770027A012 /* IOTap.swift in Sources */ = {isa = PBXBuildFile; fileRef = 787C47DD2F228B770027A012 /* IOTap.swift */; };
		787C47E02F228B770027A012 /* DumpUI.swift in Sources */ = {isa = PBXBuildFile; fileRef = 787C47DC2F228B770027A012 /* DumpUI.swift */; };
		787C48462F228D8D0027A012 /* JSONRPCHTTPHandler.swift in Sources */ = {isa = PBXBuildFile; fileRef = 787C48452F228D8C0027A012 /* JSONRPCHTTPHandler.swift */; };
		787C48482F228D960027A012 /* JSONRPCMessageHandler.swift in Sources */ = {isa = PBXBuildFile; fileRef = 787C48472F228D950027A012 /* JSONRPCMessageHandler.swift */; };
		787C95982F17F23500AB3BF1 /* Assets.xcassets in Resources */ = {isa = PBXBuildFile; fileRef = 787C95972F17F23500AB3BF1 /* Assets.xcassets */; };
		78F689082F17EE190025C8AC /* ReplayKit.framework in Frameworks */ = {isa = PBXBuildFile; fileRef = 78F689072F17EE190025C8AC /* ReplayKit.framework */; };
		78F689122F17EE190025C8AC /* ReplayKit.framework in Frameworks */ = {isa = PBXBuildFile; fileRef = 78F689072F17EE190025C8AC /* ReplayKit.framework */; };
		78F689142F17EE190025C8AC /* UIKit.framework in Frameworks */ = {isa = PBXBuildFile; fileRef = 78F689132F17EE190025C8AC /* UIKit.framework */; };
		78F6891B2F17EE190025C8AC /* BroadcastUploadExtensionSetupUI.appex in Embed Foundation Extensions */ = {isa = PBXBuildFile; fileRef = 78F689112F17EE190025C8AC /* BroadcastUploadExtensionSetupUI.appex */; settings = {ATTRIBUTES = (RemoveHeadersOnCopy, ); }; };
		78F6891E2F17EE190025C8AC /* BroadcastUploadExtension.appex in Embed Foundation Extensions */ = {isa = PBXBuildFile; fileRef = 78F689062F17EE190025C8AC /* BroadcastUploadExtension.appex */; settings = {ATTRIBUTES = (RemoveHeadersOnCopy, ); }; };
		78F689312F17EE5C0025C8AC /* H264Codec in Frameworks */ = {isa = PBXBuildFile; productRef = 78F689302F17EE5C0025C8AC /* H264Codec */; };
		78F689332F17EE5C0025C8AC /* TCP in Frameworks */ = {isa = PBXBuildFile; productRef = 78F689322F17EE5C0025C8AC /* TCP */; };
		78F689392F17EF1B0025C8AC /* devicekit_iosApp.swift in Sources */ = {isa = PBXBuildFile; fileRef = 78F689372F17EF1B0025C8AC /* devicekit_iosApp.swift */; };
		94826F4429DB082100795E9B /* SystemPermissionManager.swift in Sources */ = {isa = PBXBuildFile; fileRef = 94826F4329DB082100795E9B /* SystemPermissionManager.swift */; };
		9811C9092C49751D00DDACA0 /* OrientationGeometry.swift in Sources */ = {isa = PBXBuildFile; fileRef = 9811C9082C49751D00DDACA0 /* OrientationGeometry.swift */; };
/* End PBXBuildFile section */

/* Begin PBXContainerItemProxy section */
		52049BF4293503A200807AA3 /* PBXContainerItemProxy */ = {
			isa = PBXContainerItemProxy;
			containerPortal = 52049BCB2935039F00807AA3 /* Project object */;
			proxyType = 1;
			remoteGlobalIDString = 52049BD22935039F00807AA3;
			remoteInfo = "maestro-driver-ios";
		};
		78F689192F17EE190025C8AC /* PBXContainerItemProxy */ = {
			isa = PBXContainerItemProxy;
			containerPortal = 52049BCB2935039F00807AA3 /* Project object */;
			proxyType = 1;
			remoteGlobalIDString = 78F689102F17EE190025C8AC;
			remoteInfo = BroadcastUploadExtensionSetupUI;
		};
		78F6891C2F17EE190025C8AC /* PBXContainerItemProxy */ = {
			isa = PBXContainerItemProxy;
			containerPortal = 52049BCB2935039F00807AA3 /* Project object */;
			proxyType = 1;
			remoteGlobalIDString = 78F689052F17EE190025C8AC;
			remoteInfo = BroadcastUploadExtension;
		};
/* End PBXContainerItemProxy section */

/* Begin PBXCopyFilesBuildPhase section */
		78F689272F17EE190025C8AC /* Embed Foundation Extensions */ = {
			isa = PBXCopyFilesBuildPhase;
			buildActionMask = 2147483647;
			dstPath = "";
			dstSubfolderSpec = 13;
			files = (
				78F6891B2F17EE190025C8AC /* BroadcastUploadExtensionSetupUI.appex in Embed Foundation Extensions */,
				78F6891E2F17EE190025C8AC /* BroadcastUploadExtension.appex in Embed Foundation Extensions */,
			);
			name = "Embed Foundation Extensions";
			runOnlyForDeploymentPostprocessing = 0;
		};
/* End PBXCopyFilesBuildPhase section */

/* Begin PBXFileReference section */
		52049BD32935039F00807AA3 /* devicekit-ios.app */ = {isa = PBXFileReference; explicitFileType = wrapper.application; includeInIndex = 0; path = "devicekit-ios.app"; sourceTree = BUILT_PRODUCTS_DIR; };
		52049BF3293503A200807AA3 /* devicekit-iosUITests.xctest */ = {isa = PBXFileReference; explicitFileType = wrapper.cfbundle; includeInIndex = 0; path = "devicekit-iosUITests.xctest"; sourceTree = BUILT_PRODUCTS_DIR; };
		52049BF7293503A200807AA3 /* devicekit_iosUITests.swift */ = {isa = PBXFileReference; lastKnownFileType = sourcecode.swift; path = devicekit_iosUITests.swift; sourceTree = "<group>"; };
		521C1F022D8014340024EE42 /* AXClientProxy.h */ = {isa = PBXFileReference; lastKnownFileType = sourcecode.c.h; path = AXClientProxy.h; sourceTree = "<group>"; };
		521C1F042D8016950024EE42 /* XCAccessibilityElement.h */ = {isa = PBXFileReference; lastKnownFileType = sourcecode.c.h; path = XCAccessibilityElement.h; sourceTree = "<group>"; };
		521C1F062D8017460024EE42 /* AXClientProxy.m */ = {isa = PBXFileReference; lastKnownFileType = sourcecode.c.objc; path = AXClientProxy.m; sourceTree = "<group>"; };
		521C1F082D80184D0024EE42 /* XCUIApplication+Helper.h */ = {isa = PBXFileReference; lastKnownFileType = sourcecode.c.h; path = "XCUIApplication+Helper.h"; sourceTree = "<group>"; };
		521C1F0A2D801A350024EE42 /* XCUIApplication+Helper.m */ = {isa = PBXFileReference; lastKnownFileType = sourcecode.c.objc; path = "XCUIApplication+Helper.m"; sourceTree = "<group>"; };
		521C1F0D2D8051890024EE42 /* XCTestDaemonsProxy.h */ = {isa = PBXFileReference; lastKnownFileType = sourcecode.c.h; path = XCTestDaemonsProxy.h; sourceTree = "<group>"; };
		521C1F0F2D8051F20024EE42 /* XCTestDaemonsProxy.m */ = {isa = PBXFileReference; lastKnownFileType = sourcecode.c.objc; path = XCTestDaemonsProxy.m; sourceTree = "<group>"; };
		526111772DE5E8D0007C356B /* XCAXClient_iOS+FBSnapshotReqParams.h */ = {isa = PBXFileReference; lastKnownFileType = sourcecode.c.h; path = "XCAXClient_iOS+FBSnapshotReqParams.h"; sourceTree = "<group>"; };
		526111792DE5E8E5007C356B /* XCAXClient_iOS+FBSnapshotReqParams.m */ = {isa = PBXFileReference; lastKnownFileType = sourcecode.c.objc; path = "XCAXClient_iOS+FBSnapshotReqParams.m"; sourceTree = "<group>"; };
		52D8FA272D6DCC600015FAB3 /* _XCInternalTestRun.h */ = {isa = PBXFileReference; lastKnownFileType = sourcecode.c.h; path = _XCInternalTestRun.h; sourceTree = "<group>"; };
		52D8FA282D6DCC600015FAB3 /* _XCKVOExpectationImplementation.h */ = {isa = PBXFileReference; lastKnownFileType = sourcecode.c.h; path = _XCKVOExpectationImplementation.h; sourceTree = "<group>"; };
		52D8FA292D6DCC600015FAB3 /* _XCTDarwinNotificationExpectationImplementation.h */ = {isa = PBXFileReference; lastKnownFileType = sourcecode.c.h; path = _XCTDarwinNotificationExpectationImplementation.h; sourceTree = "<group>"; };
		52D8FA2A2D6DCC600015FAB3 /* _XCTestCaseImplementation.h */ = {isa = PBXFileReference; lastKnownFileType = sourcecode.c.h; path = _XCTestCaseImplementation.h; sourceTree = "<group>"; };
		52D8FA2B2D6DCC600015FAB3 /* _XCTestCaseInterruptionException.h */ = {isa = PBXFileReference; lastKnownFileType = sourcecode.c.h; path = _XCTestCaseInterruptionException.h; sourceTree = "<group>"; };
		52D8FA2C2D6DCC600015FAB3 /* _XCTestExpectationImplementation.h */ = {isa = PBXFileReference; lastKnownFileType = sourcecode.c.h; path = _XCTestExpectationImplementation.h; sourceTree = "<group>"; };
		52D8FA2D2D6DCC600015FAB3 /* _XCTestImplementation.h */ = {isa = PBXFileReference; lastKnownFileType = sourcecode.c.h; path = _XCTestImplementation.h; sourceTree = "<group>"; };
		52D8FA2E2D6DCC600015FAB3 /* _XCTestObservationCenterImplementation.h */ = {isa = PBXFileReference; lastKnownFileType = sourcecode.c.h; path = _XCTestObservationCenterImplementation.h; sourceTree = "<group>"; };
		52D8FA2F2D6DCC600015FAB3 /* _XCTestSuiteImplementation.h */ = {isa = PBXFileReference; lastKnownFileType = sourcecode.c.h; path = _XCTestSuiteImplementation.h; sourceTree = "<group>"; };
		52D8FA302D6DCC600015FAB3 /* _XCTNSNotificationExpectationImplementation.h */ = {isa = PBXFileReference; lastKnownFileType = sourcecode.c.h; path = _XCTNSNotificationExpectationImplementation.h; sourceTree = "<group>"; };
		52D8FA312D6DCC600015FAB3 /* _XCTNSPredicateExpectationImplementation.h */ = {isa = PBXFileReference; lastKnownFileType = sourcecode.c.h; path = _XCTNSPredicateExpectationImplementation.h; sourceTree = "<group>"; };
		52D8FA322D6DCC600015FAB3 /* _XCTWaiterImpl.h */ = {isa = PBXFileReference; lastKnownFileType = sourcecode.c.h; path = _XCTWaiterImpl.h; sourceTree = "<group>"; };
		52D8FA332D6DCC600015FAB3 /* CDStructures.h */ = {isa = PBXFileReference; lastKnownFileType = sourcecode.c.h; path = CDStructures.h; sourceTree = "<group>"; };
		52D8FA342D6DCC600015FAB3 /* NSString-XCTAdditions.h */ = {isa = PBXFileReference; lastKnownFileType = sourcecode.c.h; path = "NSString-XCTAdditions.h"; sourceTree = "<group>"; };
		52D8FA352D6DCC600015FAB3 /* NSValue-XCTestAdditions.h */ = {isa = PBXFileReference; lastKnownFileType = sourcecode.c.h; path = "NSValue-XCTestAdditions.h"; sourceTree = "<group>"; };
		52D8FA362D6DCC600015FAB3 /* UIGestureRecognizer-RecordingAdditions.h */ = {isa = PBXFileReference; lastKnownFileType = sourcecode.c.h; path = "UIGestureRecognizer-RecordingAdditions.h"; sourceTree = "<group>"; };
		52D8FA372D6DCC600015FAB3 /* UILongPressGestureRecognizer-RecordingAdditions.h */ = {isa = PBXFileReference; lastKnownFileType = sourcecode.c.h; path = "UILongPressGestureRecognizer-RecordingAdditions.h"; sourceTree = "<group>"; };
		52D8FA382D6DCC600015FAB3 /* UIPanGestureRecognizer-RecordingAdditions.h */ = {isa = PBXFileReference; lastKnownFileType = sourcecode.c.h; path = "UIPanGestureRecognizer-RecordingAdditions.h"; sourceTree = "<group>"; };
		52D8FA392D6DCC600015FAB3 /* UIPinchGestureRecognizer-RecordingAdditions.h */ = {isa = PBXFileReference; lastKnownFileType = sourcecode.c.h; path = "UIPinchGestureRecognizer-RecordingAdditions.h"; sourceTree = "<group>"; };
		52D8FA3A2D6DCC600015FAB3 /* UISwipeGestureRecognizer-RecordingAdditions.h */ = {isa = PBXFileReference; lastKnownFileType = sourcecode.c.h; path = "UISwipeGestureRecognizer-RecordingAdditions.h"; sourceTree = "<group>"; };
		52D8FA3B2D6DCC600015FAB3 /* UITapGestureRecognizer-RecordingAdditions.h */ = {isa = PBXFileReference; lastKnownFileType = sourcecode.c.h; path = "UITapGestureRecognizer-RecordingAdditions.h"; sourceTree = "<group>"; };
		52D8FA3C2D6DCC600015FAB3 /* XCActivityRecord.h */ = {isa = PBXFileReference; lastKnownFileType = sourcecode.c.h; path = XCActivityRecord.h; sourceTree = "<group>"; };
		52D8FA3D2D6DCC600015FAB3 /* XCApplicationMonitor_iOS.h */ = {isa = PBXFileReference; lastKnownFileType = sourcecode.c.h; path = XCApplicationMonitor_iOS.h; sourceTree = "<group>"; };
		52D8FA3E2D6DCC600015FAB3 /* XCApplicationMonitor.h */ = {isa = PBXFileReference; lastKnownFileType = sourcecode.c.h; path = XCApplicationMonitor.h; sourceTree = "<group>"; };
		52D8FA3F2D6DCC600015FAB3 /* XCApplicationQuery.h */ = {isa = PBXFileReference; lastKnownFileType = sourcecode.c.h; path = XCApplicationQuery.h; sourceTree = "<group>"; };
		52D8FA402D6DCC600015FAB3 /* XCAXClient_iOS.h */ = {isa = PBXFileReference; lastKnownFileType = sourcecode.c.h; path = XCAXClient_iOS.h; sourceTree = "<group>"; };
		52D8FA412D6DCC600015FAB3 /* XCDebugLogDelegate-Protocol.h */ = {isa = PBXFileReference; lastKnownFileType = sourcecode.c.h; path = "XCDebugLogDelegate-Protocol.h"; sourceTree = "<group>"; };
		52D8FA422D6DCC600015FAB3 /* XCEventGenerator.h */ = {isa = PBXFileReference; lastKnownFileType = sourcecode.c.h; path = XCEventGenerator.h; sourceTree = "<group>"; };
		52D8FA432D6DCC600015FAB3 /* XCKeyboardInputSolver.h */ = {isa = PBXFileReference; lastKnownFileType = sourcecode.c.h; path = XCKeyboardInputSolver.h; sourceTree = "<group>"; };
		52D8FA442D6DCC600015FAB3 /* XCKeyboardKeyMap.h */ = {isa = PBXFileReference; lastKnownFileType = sourcecode.c.h; path = XCKeyboardKeyMap.h; sourceTree = "<group>"; };
		52D8FA452D6DCC600015FAB3 /* XCKeyboardLayout.h */ = {isa = PBXFileReference; lastKnownFileType = sourcecode.c.h; path = XCKeyboardLayout.h; sourceTree = "<group>"; };
		52D8FA462D6DCC600015FAB3 /* XCKeyMappingPath.h */ = {isa = PBXFileReference; lastKnownFileType = sourcecode.c.h; path = XCKeyMappingPath.h; sourceTree = "<group>"; };
		52D8FA472D6DCC600015FAB3 /* XCPointerEvent.h */ = {isa = PBXFileReference; lastKnownFileType = sourcecode.c.h; path = XCPointerEvent.h; sourceTree = "<group>"; };
		52D8FA482D6DCC600015FAB3 /* XCPointerEventPath.h */ = {isa = PBXFileReference; lastKnownFileType = sourcecode.c.h; path = XCPointerEventPath.h; sourceTree = "<group>"; };
		52D8FA492D6DCC600015FAB3 /* XCSourceCodeRecording.h */ = {isa = PBXFileReference; lastKnownFileType = sourcecode.c.h; path = XCSourceCodeRecording.h; sourceTree = "<group>"; };
		52D8FA4A2D6DCC600015FAB3 /* XCSourceCodeTreeNode.h */ = {isa = PBXFileReference; lastKnownFileType = sourcecode.c.h; path = XCSourceCodeTreeNode.h; sourceTree = "<group>"; };
		52D8FA4B2D6DCC600015FAB3 /* XCSourceCodeTreeNodeEnumerator.h */ = {isa = PBXFileReference; lastKnownFileType = sourcecode.c.h; path = XCSourceCodeTreeNodeEnumerator.h; sourceTree = "<group>"; };
		52D8FA4C2D6DCC600015FAB3 /* XCSymbolicationRecord.h */ = {isa = PBXFileReference; lastKnownFileType = sourcecode.c.h; path = XCSymbolicationRecord.h; sourceTree = "<group>"; };
		52D8FA4D2D6DCC600015FAB3 /* XCSymbolicatorHolder.h */ = {isa = PBXFileReference; lastKnownFileType = sourcecode.c.h; path = XCSymbolicatorHolder.h; sourceTree = "<group>"; };
		52D8FA4E2D6DCC600015FAB3 /* XCSynthesizedEventRecord.h */ = {isa = PBXFileReference; lastKnownFileType = sourcecode.c.h; path = XCSynthesizedEventRecord.h; sourceTree = "<group>"; };
		52D8FA4F2D6DCC600015FAB3 /* XCTAsyncActivity-Protocol.h */ = {isa = PBXFileReference; lastKnownFileType = sourcecode.c.h; path = "XCTAsyncActivity-Protocol.h"; sourceTree = "<group>"; };
		52D8FA502D6DCC600015FAB3 /* XCTAsyncActivity.h */ = {isa = PBXFileReference; lastKnownFileType = sourcecode.c.h; path = XCTAsyncActivity.h; sourceTree = "<group>"; };
		52D8FA512D6DCC600015FAB3 /* XCTAutomationTarget-Protocol.h */ = {isa = PBXFileReference; lastKnownFileType = sourcecode.c.h; path = "XCTAutomationTarget-Protocol.h"; sourceTree = "<group>"; };
		52D8FA522D6DCC600015FAB3 /* XCTAXClient-Protocol.h */ = {isa = PBXFileReference; lastKnownFileType = sourcecode.c.h; path = "XCTAXClient-Protocol.h"; sourceTree = "<group>"; };
		52D8FA532D6DCC600015FAB3 /* XCTDarwinNotificationExpectation.h */ = {isa = PBXFileReference; lastKnownFileType = sourcecode.c.h; path = XCTDarwinNotificationExpectation.h; sourceTree = "<group>"; };
		52D8FA542D6DCC600015FAB3 /* XCTest.h */ = {isa = PBXFileReference; lastKnownFileType = sourcecode.c.h; path = XCTest.h; sourceTree = "<group>"; };
		52D8FA552D6DCC600015FAB3 /* XCTestCase.h */ = {isa = PBXFileReference; lastKnownFileType = sourcecode.c.h; path = XCTestCase.h; sourceTree = "<group>"; };
		52D8FA562D6DCC600015FAB3 /* XCTestCaseRun.h */ = {isa = PBXFileReference; lastKnownFileType = sourcecode.c.h; path = XCTestCaseRun.h; sourceTree = "<group>"; };
		52D8FA572D6DCC600015FAB3 /* XCTestCaseSuite.h */ = {isa = PBXFileReference; lastKnownFileType = sourcecode.c.h; path = XCTestCaseSuite.h; sourceTree = "<group>"; };
		52D8FA582D6DCC600015FAB3 /* XCTestConfiguration.h */ = {isa = PBXFileReference; lastKnownFileType = sourcecode.c.h; path = XCTestConfiguration.h; sourceTree = "<group>"; };
		52D8FA592D6DCC600015FAB3 /* XCTestContext.h */ = {isa = PBXFileReference; lastKnownFileType = sourcecode.c.h; path = XCTestContext.h; sourceTree = "<group>"; };
		52D8FA5A2D6DCC600015FAB3 /* XCTestContextScope.h */ = {isa = PBXFileReference; lastKnownFileType = sourcecode.c.h; path = XCTestContextScope.h; sourceTree = "<group>"; };
		52D8FA5B2D6DCC600015FAB3 /* XCTestDriver.h */ = {isa = PBXFileReference; lastKnownFileType = sourcecode.c.h; path = XCTestDriver.h; sourceTree = "<group>"; };
		52D8FA5C2D6DCC600015FAB3 /* XCTestDriverInterface-Protocol.h */ = {isa = PBXFileReference; lastKnownFileType = sourcecode.c.h; path = "XCTestDriverInterface-Protocol.h"; sourceTree = "<group>"; };
		52D8FA5D2D6DCC600015FAB3 /* XCTestExpectation.h */ = {isa = PBXFileReference; lastKnownFileType = sourcecode.c.h; path = XCTestExpectation.h; sourceTree = "<group>"; };
		52D8FA5E2D6DCC600015FAB3 /* XCTestExpectationDelegate-Protocol.h */ = {isa = PBXFileReference; lastKnownFileType = sourcecode.c.h; path = "XCTestExpectationDelegate-Protocol.h"; sourceTree = "<group>"; };
		52D8FA5F2D6DCC600015FAB3 /* XCTestExpectationWaiter.h */ = {isa = PBXFileReference; lastKnownFileType = sourcecode.c.h; path = XCTestExpectationWaiter.h; sourceTree = "<group>"; };
		52D8FA602D6DCC600015FAB3 /* XCTestLog.h */ = {isa = PBXFileReference; lastKnownFileType = sourcecode.c.h; path = XCTestLog.h; sourceTree = "<group>"; };
		52D8FA612D6DCC600015FAB3 /* XCTestManager_IDEInterface-Protocol.h */ = {isa = PBXFileReference; lastKnownFileType = sourcecode.c.h; path = "XCTestManager_IDEInterface-Protocol.h"; sourceTree = "<group>"; };
		52D8FA622D6DCC600015FAB3 /* XCTestManager_ManagerInterface-Protocol.h */ = {isa = PBXFileReference; lastKnownFileType = sourcecode.c.h; path = "XCTestManager_ManagerInterface-Protocol.h"; sourceTree = "<group>"; };
		52D8FA632D6DCC600015FAB3 /* XCTestManager_TestsInterface-Protocol.h */ = {isa = PBXFileReference; lastKnownFileType = sourcecode.c.h; path = "XCTestManager_TestsInterface-Protocol.h"; sourceTree = "<group>"; };
		52D8FA642D6DCC600015FAB3 /* XCTestMisuseObserver.h */ = {isa = PBXFileReference; lastKnownFileType = sourcecode.c.h; path = XCTestMisuseObserver.h; sourceTree = "<group>"; };
		52D8FA652D6DCC600015FAB3 /* XCTestObservation-Protocol.h */ = {isa = PBXFileReference; lastKnownFileType = sourcecode.c.h; path = "XCTestObservation-Protocol.h"; sourceTree = "<group>"; };
		52D8FA662D6DCC600015FAB3 /* XCTestObservationCenter.h */ = {isa = PBXFileReference; lastKnownFileType = sourcecode.c.h; path = XCTestObservationCenter.h; sourceTree = "<group>"; };
		52D8FA672D6DCC600015FAB3 /* XCTestObserver.h */ = {isa = PBXFileReference; lastKnownFileType = sourcecode.c.h; path = XCTestObserver.h; sourceTree = "<group>"; };
		52D8FA682D6DCC600015FAB3 /* XCTestProbe.h */ = {isa = PBXFileReference; lastKnownFileType = sourcecode.c.h; path = XCTestProbe.h; sourceTree = "<group>"; };
		52D8FA692D6DCC600015FAB3 /* XCTestRun.h */ = {isa = PBXFileReference; lastKnownFileType = sourcecode.c.h; path = XCTestRun.h; sourceTree = "<group>"; };
		52D8FA6A2D6DCC600015FAB3 /* XCTestSuite.h */ = {isa = PBXFileReference; lastKnownFileType = sourcecode.c.h; path = XCTestSuite.h; sourceTree = "<group>"; };
		52D8FA6B2D6DCC600015FAB3 /* XCTestSuiteRun.h */ = {isa = PBXFileReference; lastKnownFileType = sourcecode.c.h; path = XCTestSuiteRun.h; sourceTree = "<group>"; };
		52D8FA6C2D6DCC600015FAB3 /* XCTestWaiter.h */ = {isa = PBXFileReference; lastKnownFileType = sourcecode.c.h; path = XCTestWaiter.h; sourceTree = "<group>"; };
		52D8FA6D2D6DCC600015FAB3 /* XCTKVOExpectation.h */ = {isa = PBXFileReference; lastKnownFileType = sourcecode.c.h; path = XCTKVOExpectation.h; sourceTree = "<group>"; };
		52D8FA6E2D6DCC600015FAB3 /* XCTMetric.h */ = {isa = PBXFileReference; lastKnownFileType = sourcecode.c.h; path = XCTMetric.h; sourceTree = "<group>"; };
		52D8FA6F2D6DCC600015FAB3 /* XCTNSNotificationExpectation.h */ = {isa = PBXFileReference; lastKnownFileType = sourcecode.c.h; path = XCTNSNotificationExpectation.h; sourceTree = "<group>"; };
		52D8FA702D6DCC600015FAB3 /* XCTNSPredicateExpectation.h */ = {isa = PBXFileReference; lastKnownFileType = sourcecode.c.h; path = XCTNSPredicateExpectation.h; sourceTree = "<group>"; };
		52D8FA712D6DCC600015FAB3 /* XCTNSPredicateExpectationObject-Protocol.h */ = {isa = PBXFileReference; lastKnownFileType = sourcecode.c.h; path = "XCTNSPredicateExpectationObject-Protocol.h"; sourceTree = "<group>"; };
		52D8FA722D6DCC600015FAB3 /* XCTRunnerAutomationSession.h */ = {isa = PBXFileReference; lastKnownFileType = sourcecode.c.h; path = XCTRunnerAutomationSession.h; sourceTree = "<group>"; };
		52D8FA732D6DCC600015FAB3 /* XCTRunnerDaemonSession.h */ = {isa = PBXFileReference; lastKnownFileType = sourcecode.c.h; path = XCTRunnerDaemonSession.h; sourceTree = "<group>"; };
		52D8FA742D6DCC600015FAB3 /* XCTRunnerIDESession.h */ = {isa = PBXFileReference; lastKnownFileType = sourcecode.c.h; path = XCTRunnerIDESession.h; sourceTree = "<group>"; };
		52D8FA752D6DCC600015FAB3 /* XCTTestRunSession.h */ = {isa = PBXFileReference; lastKnownFileType = sourcecode.c.h; path = XCTTestRunSession.h; sourceTree = "<group>"; };
		52D8FA762D6DCC600015FAB3 /* XCTTestRunSessionDelegate-Protocol.h */ = {isa = PBXFileReference; lastKnownFileType = sourcecode.c.h; path = "XCTTestRunSessionDelegate-Protocol.h"; sourceTree = "<group>"; };
		52D8FA772D6DCC600015FAB3 /* XCTUIApplicationMonitor-Protocol.h */ = {isa = PBXFileReference; lastKnownFileType = sourcecode.c.h; path = "XCTUIApplicationMonitor-Protocol.h"; sourceTree = "<group>"; };
		52D8FA782D6DCC600015FAB3 /* XCTWaiter.h */ = {isa = PBXFileReference; lastKnownFileType = sourcecode.c.h; path = XCTWaiter.h; sourceTree = "<group>"; };
		52D8FA792D6DCC600015FAB3 /* XCTWaiterDelegate-Protocol.h */ = {isa = PBXFileReference; lastKnownFileType = sourcecode.c.h; path = "XCTWaiterDelegate-Protocol.h"; sourceTree = "<group>"; };
		52D8FA7A2D6DCC600015FAB3 /* XCTWaiterDelegatePrivate-Protocol.h */ = {isa = PBXFileReference; lastKnownFileType = sourcecode.c.h; path = "XCTWaiterDelegatePrivate-Protocol.h"; sourceTree = "<group>"; };
		52D8FA7B2D6DCC600015FAB3 /* XCTWaiterManagement-Protocol.h */ = {isa = PBXFileReference; lastKnownFileType = sourcecode.c.h; path = "XCTWaiterManagement-Protocol.h"; sourceTree = "<group>"; };
		52D8FA7C2D6DCC600015FAB3 /* XCTWaiterManager.h */ = {isa = PBXFileReference; lastKnownFileType = sourcecode.c.h; path = XCTWaiterManager.h; sourceTree = "<group>"; };
		52D8FA7D2D6DCC600015FAB3 /* XCUIApplication.h */ = {isa = PBXFileReference; lastKnownFileType = sourcecode.c.h; path = XCUIApplication.h; sourceTree = "<group>"; };
		52D8FA7E2D6DCC600015FAB3 /* XCUIApplicationImpl.h */ = {isa = PBXFileReference; lastKnownFileType = sourcecode.c.h; path = XCUIApplicationImpl.h; sourceTree = "<group>"; };
		52D8FA7F2D6DCC600015FAB3 /* XCUIApplicationProcess.h */ = {isa = PBXFileReference; lastKnownFileType = sourcecode.c.h; path = XCUIApplicationProcess.h; sourceTree = "<group>"; };
		52D8FA802D6DCC600015FAB3 /* XCUICoordinate.h */ = {isa = PBXFileReference; lastKnownFileType = sourcecode.c.h; path = XCUICoordinate.h; sourceTree = "<group>"; };
		52D8FA812D6DCC600015FAB3 /* XCUIDevice.h */ = {isa = PBXFileReference; lastKnownFileType = sourcecode.c.h; path = XCUIDevice.h; sourceTree = "<group>"; };
		52D8FA822D6DCC600015FAB3 /* XCUIElement.h */ = {isa = PBXFileReference; lastKnownFileType = sourcecode.c.h; path = XCUIElement.h; sourceTree = "<group>"; };
		52D8FA832D6DCC600015FAB3 /* XCUIElementAsynchronousHandlerWrapper.h */ = {isa = PBXFileReference; lastKnownFileType = sourcecode.c.h; path = XCUIElementAsynchronousHandlerWrapper.h; sourceTree = "<group>"; };
		52D8FA842D6DCC600015FAB3 /* XCUIElementHitPointCoordinate.h */ = {isa = PBXFileReference; lastKnownFileType = sourcecode.c.h; path = XCUIElementHitPointCoordinate.h; sourceTree = "<group>"; };
		52D8FA852D6DCC600015FAB3 /* XCUIElementQuery.h */ = {isa = PBXFileReference; lastKnownFileType = sourcecode.c.h; path = XCUIElementQuery.h; sourceTree = "<group>"; };
		52D8FA862D6DCC600015FAB3 /* XCUIHitPointResult.h */ = {isa = PBXFileReference; lastKnownFileType = sourcecode.c.h; path = XCUIHitPointResult.h; sourceTree = "<group>"; };
		52D8FA872D6DCC600015FAB3 /* XCUIRecorderNodeFinder.h */ = {isa = PBXFileReference; lastKnownFileType = sourcecode.c.h; path = XCUIRecorderNodeFinder.h; sourceTree = "<group>"; };
		52D8FA882D6DCC600015FAB3 /* XCUIRecorderNodeFinderMatch.h */ = {isa = PBXFileReference; lastKnownFileType = sourcecode.c.h; path = XCUIRecorderNodeFinderMatch.h; sourceTree = "<group>"; };
		52D8FA892D6DCC600015FAB3 /* XCUIRecorderTimingMessage.h */ = {isa = PBXFileReference; lastKnownFileType = sourcecode.c.h; path = XCUIRecorderTimingMessage.h; sourceTree = "<group>"; };
		52D8FA8A2D6DCC600015FAB3 /* XCUIRecorderUtilities.h */ = {isa = PBXFileReference; lastKnownFileType = sourcecode.c.h; path = XCUIRecorderUtilities.h; sourceTree = "<group>"; };
		52D8FA8B2D6DCC600015FAB3 /* XCTElementSetTransformer-Protocol.h */ = {isa = PBXFileReference; lastKnownFileType = sourcecode.c.h; path = "XCTElementSetTransformer-Protocol.h"; sourceTree = "<group>"; };
		52D8FA8C2D6DCC600015FAB3 /* XCUIScreen.h */ = {isa = PBXFileReference; lastKnownFileType = sourcecode.c.h; path = XCUIScreen.h; sourceTree = "<group>"; };
		52D8FA8D2D6DCC600015FAB3 /* XCUIScreenDataSource-Protocol.h */ = {isa = PBXFileReference; lastKnownFileType = sourcecode.c.h; path = "XCUIScreenDataSource-Protocol.h"; sourceTree = "<group>"; };
		52D8FA922D6DCF2C0015FAB3 /* devicekit-iosUITests-Bridging-Header.h */ = {isa = PBXFileReference; lastKnownFileType = sourcecode.c.h; path = "devicekit-iosUITests-Bridging-Header.h"; sourceTree = "<group>"; };
		52D8FA9B2D6DCFAF0015FAB3 /* XCUIApplicationProcess+FBQuiescence.h */ = {isa = PBXFileReference; lastKnownFileType = sourcecode.c.h; path = "XCUIApplicationProcess+FBQuiescence.h"; sourceTree = "<group>"; };
		52D8FA9C2D6DCFAF0015FAB3 /* XCUIApplicationProcess+FBQuiescence.m */ = {isa = PBXFileReference; lastKnownFileType = sourcecode.c.objc; path = "XCUIApplicationProcess+FBQuiescence.m"; sourceTree = "<group>"; };
		52D8FAAA2D6DD3A20015FAB3 /* FBLogger.h */ = {isa = PBXFileReference; lastKnownFileType = sourcecode.c.h; path = FBLogger.h; sourceTree = "<group>"; };
		52D8FAAB2D6DD3A20015FAB3 /* FBLogger.m */ = {isa = PBXFileReference; lastKnownFileType = sourcecode.c.objc; path = FBLogger.m; sourceTree = "<group>"; };
		52D8FAAE2D6DD4100015FAB3 /* FBConfiguration.h */ = {isa = PBXFileReference; lastKnownFileType = sourcecode.c.h; path = FBConfiguration.h; sourceTree = "<group>"; };
		52D8FAAF2D6DD4100015FAB3 /* FBConfiguration.m */ = {isa = PBXFileReference; lastKnownFileType = sourcecode.c.objc; path = FBConfiguration.m; sourceTree = "<group>"; };
		52D8FAB22D6DD54F0015FAB3 /* XCUIApplication+FBQuiescence.h */ = {isa = PBXFileReference; lastKnownFileType = sourcecode.c.h; path = "XCUIApplication+FBQuiescence.h"; sourceTree = "<group>"; };
		52D8FAB32D6DD54F0015FAB3 /* XCUIApplication+FBQuiescence.m */ = {isa = PBXFileReference; lastKnownFileType = sourcecode.c.objc; path = "XCUIApplication+FBQuiescence.m"; sourceTree = "<group>"; };
		52E35D422A654F67001D97A8 /* RunningApp.swift */ = {isa = PBXFileReference; lastKnownFileType = sourcecode.swift; path = RunningApp.swift; sourceTree = "<group>"; };
		610D58FA2A49E3CA00B4BBEB /* AXClientSwizzler.swift */ = {isa = PBXFileReference; fileEncoding = 4; lastKnownFileType = sourcecode.swift; path = AXClientSwizzler.swift; sourceTree = "<group>"; };
		6124329D2A4DA5BB00F5F619 /* AXElement.swift */ = {isa = PBXFileReference; lastKnownFileType = sourcecode.swift; path = AXElement.swift; sourceTree = "<group>"; };
		612DE40129801F71003C2BE0 /* XCTest.framework */ = {isa = PBXFileReference; lastKnownFileType = wrapper.framework; name = XCTest.framework; path = Platforms/iPhoneOS.platform/Developer/Library/Frameworks/XCTest.framework; sourceTree = DEVELOPER_DIR; };
		612DE4112984114B003C2BE0 /* RunnerDaemonProxy.swift */ = {isa = PBXFileReference; lastKnownFileType = sourcecode.swift; path = RunnerDaemonProxy.swift; sourceTree = "<group>"; };
		612DE413298426EF003C2BE0 /* EventRecord.swift */ = {isa = PBXFileReference; lastKnownFileType = sourcecode.swift; path = EventRecord.swift; sourceTree = "<group>"; };
		613E87D6299A64BD00FF8551 /* PointerEventPath.swift */ = {isa = PBXFileReference; lastKnownFileType = sourcecode.swift; path = PointerEventPath.swift; sourceTree = "<group>"; };
		78147F0E2F27AA6B00E61E3B /* IOText.swift */ = {isa = PBXFileReference; lastKnownFileType = sourcecode.swift; path = IOText.swift; sourceTree = "<group>"; };
		78147F3C2F27BDBC00E61E3B /* AppsLaunch.swift */ = {isa = PBXFileReference; lastKnownFileType = sourcecode.swift; path = AppsLaunch.swift; sourceTree = "<group>"; };
		78147FCA2F27C03500E61E3B /* IOSwipe.swift */ = {isa = PBXFileReference; lastKnownFileType = sourcecode.swift; path = IOSwipe.swift; sourceTree = "<group>"; };
		7814800A2F27C55500E61E3B /* IOLongpress.swift */ = {isa = PBXFileReference; lastKnownFileType = sourcecode.swift; path = IOLongpress.swift; sourceTree = "<group>"; };
		781480362F27CEF000E61E3B /* Screenshot.swift */ = {isa = PBXFileReference; lastKnownFileType = sourcecode.swift; path = Screenshot.swift; sourceTree = "<group>"; };
		781480742F27D2B900E61E3B /* URL.swift */ = {isa = PBXFileReference; lastKnownFileType = sourcecode.swift; path = URL.swift; sourceTree = "<group>"; };
		781480FE2F27DEE600E61E3B /* IOGesture.swift */ = {isa = PBXFileReference; lastKnownFileType = sourcecode.swift; path = IOGesture.swift; sourceTree = "<group>"; };
		787C47922F227F6B0027A012 /* JSONRPCDispatcher.swift */ = {isa = PBXFileReference; lastKnownFileType = sourcecode.swift; path = JSONRPCDispatcher.swift; sourceTree = "<group>"; };
		787C47932F227F6B0027A012 /* JSONRPCModels.swift */ = {isa = PBXFileReference; lastKnownFileType = sourcecode.swift; path = JSONRPCModels.swift; sourceTree = "<group>"; };
		787C47942F227F6B0027A012 /* RPCMethodHandler.swift */ = {isa = PBXFileReference; lastKnownFileType = sourcecode.swift; path = RPCMethodHandler.swift; sourceTree = "<group>"; };
		787C47952F227F6B0027A012 /* XCTestWebSocketServer.swift */ = {isa = PBXFileReference; lastKnownFileType = sourcecode.swift; path = XCTestWebSocketServer.swift; sourceTree = "<group>"; };
		787C47DC2F228B770027A012 /* DumpUI.swift */ = {isa = PBXFileReference; lastKnownFileType = sourcecode.swift; path = DumpUI.swift; sourceTree = "<group>"; };
		787C47DD2F228B770027A012 /* IOTap.swift */ = {isa = PBXFileReference; lastKnownFileType = sourcecode.swift; path = IOTap.swift; sourceTree = "<group>"; };
		787C48452F228D8C0027A012 /* JSONRPCHTTPHandler.swift */ = {isa = PBXFileReference; lastKnownFileType = sourcecode.swift; path = JSONRPCHTTPHandler.swift; sourceTree = "<group>"; };
		787C48472F228D950027A012 /* JSONRPCMessageHandler.swift */ = {isa = PBXFileReference; lastKnownFileType = sourcecode.swift; path = JSONRPCMessageHandler.swift; sourceTree = "<group>"; };
		787C95972F17F23500AB3BF1 /* Assets.xcassets */ = {isa = PBXFileReference; lastKnownFileType = folder.assetcatalog; path = Assets.xcassets; sourceTree = "<group>"; };
		78F689062F17EE190025C8AC /* BroadcastUploadExtension.appex */ = {isa = PBXFileReference; explicitFileType = "wrapper.app-extension"; includeInIndex = 0; path = BroadcastUploadExtension.appex; sourceTree = BUILT_PRODUCTS_DIR; };
		78F689072F17EE190025C8AC /* ReplayKit.framework */ = {isa = PBXFileReference; lastKnownFileType = wrapper.framework; name = ReplayKit.framework; path = System/Library/Frameworks/ReplayKit.framework; sourceTree = SDKROOT; };
		78F689112F17EE190025C8AC /* BroadcastUploadExtensionSetupUI.appex */ = {isa = PBXFileReference; explicitFileType = "wrapper.app-extension"; includeInIndex = 0; path = BroadcastUploadExtensionSetupUI.appex; sourceTree = BUILT_PRODUCTS_DIR; };
		78F689132F17EE190025C8AC /* UIKit.framework */ = {isa = PBXFileReference; lastKnownFileType = wrapper.framework; name = UIKit.framework; path = System/Library/Frameworks/UIKit.framework; sourceTree = SDKROOT; };
		78F689372F17EF1B0025C8AC /* devicekit_iosApp.swift */ = {isa = PBXFileReference; lastKnownFileType = sourcecode.swift; path = devicekit_iosApp.swift; sourceTree = "<group>"; };
		94826F4329DB082100795E9B /* SystemPermissionManager.swift */ = {isa = PBXFileReference; lastKnownFileType = sourcecode.swift; path = SystemPermissionManager.swift; sourceTree = "<group>"; };
		9811C9082C49751D00DDACA0 /* OrientationGeometry.swift */ = {isa = PBXFileReference; lastKnownFileType = sourcecode.swift; path = OrientationGeometry.swift; sourceTree = "<group>"; };
/* End PBXFileReference section */

/* Begin PBXFileSystemSynchronizedBuildFileExceptionSet section */
		78F6891F2F17EE190025C8AC /* PBXFileSystemSynchronizedBuildFileExceptionSet */ = {
			isa = PBXFileSystemSynchronizedBuildFileExceptionSet;
			membershipExceptions = (
				Info.plist,
			);
			target = 78F689052F17EE190025C8AC /* BroadcastUploadExtension */;
		};
		78F689232F17EE190025C8AC /* PBXFileSystemSynchronizedBuildFileExceptionSet */ = {
			isa = PBXFileSystemSynchronizedBuildFileExceptionSet;
			membershipExceptions = (
				Info.plist,
			);
			target = 78F689102F17EE190025C8AC /* BroadcastUploadExtensionSetupUI */;
		};
/* End PBXFileSystemSynchronizedBuildFileExceptionSet section */

/* Begin PBXFileSystemSynchronizedRootGroup section */
		787C95D52F17F59E00AB3BF1 /* View */ = {isa = PBXFileSystemSynchronizedRootGroup; explicitFileTypes = {}; explicitFolders = (); path = View; sourceTree = "<group>"; };
		78F689092F17EE190025C8AC /* BroadcastUploadExtension */ = {isa = PBXFileSystemSynchronizedRootGroup; exceptions = (78F6891F2F17EE190025C8AC /* PBXFileSystemSynchronizedBuildFileExceptionSet */, ); explicitFileTypes = {}; explicitFolders = (); path = BroadcastUploadExtension; sourceTree = "<group>"; };
		78F689152F17EE190025C8AC /* BroadcastUploadExtensionSetupUI */ = {isa = PBXFileSystemSynchronizedRootGroup; exceptions = (78F689232F17EE190025C8AC /* PBXFileSystemSynchronizedBuildFileExceptionSet */, ); explicitFileTypes = {}; explicitFolders = (); path = BroadcastUploadExtensionSetupUI; sourceTree = "<group>"; };
/* End PBXFileSystemSynchronizedRootGroup section */

/* Begin PBXFrameworksBuildPhase section */
		52049BD02935039F00807AA3 /* Frameworks */ = {
			isa = PBXFrameworksBuildPhase;
			buildActionMask = 2147483647;
			files = (
			);
			runOnlyForDeploymentPostprocessing = 0;
		};
		52049BF0293503A200807AA3 /* Frameworks */ = {
			isa = PBXFrameworksBuildPhase;
			buildActionMask = 2147483647;
			files = (
				612DE40229801F71003C2BE0 /* XCTest.framework in Frameworks */,
				5279BFD62935ECE20056C609 /* FlyingFox in Frameworks */,
			);
			runOnlyForDeploymentPostprocessing = 0;
		};
		78F689032F17EE190025C8AC /* Frameworks */ = {
			isa = PBXFrameworksBuildPhase;
			buildActionMask = 2147483647;
			files = (
				78F689332F17EE5C0025C8AC /* TCP in Frameworks */,
				78F689082F17EE190025C8AC /* ReplayKit.framework in Frameworks */,
				7844BCC12F28128A00F7E003 /* OpusCodec in Frameworks */,
				78F689312F17EE5C0025C8AC /* H264Codec in Frameworks */,
			);
			runOnlyForDeploymentPostprocessing = 0;
		};
		78F6890E2F17EE190025C8AC /* Frameworks */ = {
			isa = PBXFrameworksBuildPhase;
			buildActionMask = 2147483647;
			files = (
				78F689122F17EE190025C8AC /* ReplayKit.framework in Frameworks */,
				78F689142F17EE190025C8AC /* UIKit.framework in Frameworks */,
			);
			runOnlyForDeploymentPostprocessing = 0;
		};
/* End PBXFrameworksBuildPhase section */

/* Begin PBXGroup section */
		52049BCA2935039F00807AA3 = {
			isa = PBXGroup;
			children = (
				52049BD52935039F00807AA3 /* devicekit-ios */,
				52049BF6293503A200807AA3 /* devicekit-iosUITests */,
				78F689092F17EE190025C8AC /* BroadcastUploadExtension */,
				78F689152F17EE190025C8AC /* BroadcastUploadExtensionSetupUI */,
				52049BD42935039F00807AA3 /* Products */,
				5279BFD42935ECE20056C609 /* Frameworks */,
			);
			sourceTree = "<group>";
		};
		52049BD42935039F00807AA3 /* Products */ = {
			isa = PBXGroup;
			children = (
				52049BD32935039F00807AA3 /* devicekit-ios.app */,
				52049BF3293503A200807AA3 /* devicekit-iosUITests.xctest */,
				78F689062F17EE190025C8AC /* BroadcastUploadExtension.appex */,
				78F689112F17EE190025C8AC /* BroadcastUploadExtensionSetupUI.appex */,
			);
			name = Products;
			sourceTree = "<group>";
		};
		52049BD52935039F00807AA3 /* devicekit-ios */ = {
			isa = PBXGroup;
			children = (
				787C95972F17F23500AB3BF1 /* Assets.xcassets */,
				787C95D52F17F59E00AB3BF1 /* View */,
				78F689372F17EF1B0025C8AC /* devicekit_iosApp.swift */,
			);
			path = "devicekit-ios";
			sourceTree = "<group>";
		};
		52049BF6293503A200807AA3 /* devicekit-iosUITests */ = {
			isa = PBXGroup;
			children = (
				787C47962F227F6B0027A012 /* JSONRPC */,
				612DE410298410F9003C2BE0 /* XCTest */,
				52D8FAA92D6DD3850015FAB3 /* Utilities */,
				52D8FA8E2D6DCF010015FAB3 /* Categories */,
				52D8F8F12D6DCC150015FAB3 /* PrivateHeaders */,
				52049BF7293503A200807AA3 /* devicekit_iosUITests.swift */,
			);
			path = "devicekit-iosUITests";
			sourceTree = "<group>";
		};
		5279BFD42935ECE20056C609 /* Frameworks */ = {
			isa = PBXGroup;
			children = (
				612DE40129801F71003C2BE0 /* XCTest.framework */,
				78F689072F17EE190025C8AC /* ReplayKit.framework */,
				78F689132F17EE190025C8AC /* UIKit.framework */,
			);
			name = Frameworks;
			sourceTree = "<group>";
		};
		52D8F8F12D6DCC150015FAB3 /* PrivateHeaders */ = {
			isa = PBXGroup;
			children = (
				52D8FA262D6DCC580015FAB3 /* XCTest */,
			);
			path = PrivateHeaders;
			sourceTree = "<group>";
		};
		52D8FA262D6DCC580015FAB3 /* XCTest */ = {
			isa = PBXGroup;
			children = (
				52D8FA272D6DCC600015FAB3 /* _XCInternalTestRun.h */,
				52D8FA282D6DCC600015FAB3 /* _XCKVOExpectationImplementation.h */,
				52D8FA292D6DCC600015FAB3 /* _XCTDarwinNotificationExpectationImplementation.h */,
				52D8FA2A2D6DCC600015FAB3 /* _XCTestCaseImplementation.h */,
				52D8FA2B2D6DCC600015FAB3 /* _XCTestCaseInterruptionException.h */,
				52D8FA2C2D6DCC600015FAB3 /* _XCTestExpectationImplementation.h */,
				52D8FA2D2D6DCC600015FAB3 /* _XCTestImplementation.h */,
				52D8FA2E2D6DCC600015FAB3 /* _XCTestObservationCenterImplementation.h */,
				52D8FA2F2D6DCC600015FAB3 /* _XCTestSuiteImplementation.h */,
				52D8FA302D6DCC600015FAB3 /* _XCTNSNotificationExpectationImplementation.h */,
				52D8FA312D6DCC600015FAB3 /* _XCTNSPredicateExpectationImplementation.h */,
				52D8FA322D6DCC600015FAB3 /* _XCTWaiterImpl.h */,
				52D8FA332D6DCC600015FAB3 /* CDStructures.h */,
				52D8FA342D6DCC600015FAB3 /* NSString-XCTAdditions.h */,
				52D8FA352D6DCC600015FAB3 /* NSValue-XCTestAdditions.h */,
				52D8FA362D6DCC600015FAB3 /* UIGestureRecognizer-RecordingAdditions.h */,
				52D8FA372D6DCC600015FAB3 /* UILongPressGestureRecognizer-RecordingAdditions.h */,
				52D8FA382D6DCC600015FAB3 /* UIPanGestureRecognizer-RecordingAdditions.h */,
				52D8FA392D6DCC600015FAB3 /* UIPinchGestureRecognizer-RecordingAdditions.h */,
				52D8FA3A2D6DCC600015FAB3 /* UISwipeGestureRecognizer-RecordingAdditions.h */,
				52D8FA3B2D6DCC600015FAB3 /* UITapGestureRecognizer-RecordingAdditions.h */,
				52D8FA3C2D6DCC600015FAB3 /* XCActivityRecord.h */,
				52D8FA3D2D6DCC600015FAB3 /* XCApplicationMonitor_iOS.h */,
				52D8FA3E2D6DCC600015FAB3 /* XCApplicationMonitor.h */,
				52D8FA3F2D6DCC600015FAB3 /* XCApplicationQuery.h */,
				52D8FA402D6DCC600015FAB3 /* XCAXClient_iOS.h */,
				52D8FA412D6DCC600015FAB3 /* XCDebugLogDelegate-Protocol.h */,
				52D8FA422D6DCC600015FAB3 /* XCEventGenerator.h */,
				52D8FA432D6DCC600015FAB3 /* XCKeyboardInputSolver.h */,
				52D8FA442D6DCC600015FAB3 /* XCKeyboardKeyMap.h */,
				52D8FA452D6DCC600015FAB3 /* XCKeyboardLayout.h */,
				52D8FA462D6DCC600015FAB3 /* XCKeyMappingPath.h */,
				52D8FA472D6DCC600015FAB3 /* XCPointerEvent.h */,
				52D8FA482D6DCC600015FAB3 /* XCPointerEventPath.h */,
				52D8FA492D6DCC600015FAB3 /* XCSourceCodeRecording.h */,
				52D8FA4A2D6DCC600015FAB3 /* XCSourceCodeTreeNode.h */,
				52D8FA4B2D6DCC600015FAB3 /* XCSourceCodeTreeNodeEnumerator.h */,
				52D8FA4C2D6DCC600015FAB3 /* XCSymbolicationRecord.h */,
				52D8FA4D2D6DCC600015FAB3 /* XCSymbolicatorHolder.h */,
				52D8FA4E2D6DCC600015FAB3 /* XCSynthesizedEventRecord.h */,
				52D8FA4F2D6DCC600015FAB3 /* XCTAsyncActivity-Protocol.h */,
				52D8FA502D6DCC600015FAB3 /* XCTAsyncActivity.h */,
				52D8FA512D6DCC600015FAB3 /* XCTAutomationTarget-Protocol.h */,
				52D8FA522D6DCC600015FAB3 /* XCTAXClient-Protocol.h */,
				52D8FA532D6DCC600015FAB3 /* XCTDarwinNotificationExpectation.h */,
				52D8FA542D6DCC600015FAB3 /* XCTest.h */,
				52D8FA552D6DCC600015FAB3 /* XCTestCase.h */,
				52D8FA562D6DCC600015FAB3 /* XCTestCaseRun.h */,
				52D8FA572D6DCC600015FAB3 /* XCTestCaseSuite.h */,
				52D8FA582D6DCC600015FAB3 /* XCTestConfiguration.h */,
				52D8FA592D6DCC600015FAB3 /* XCTestContext.h */,
				52D8FA5A2D6DCC600015FAB3 /* XCTestContextScope.h */,
				52D8FA5B2D6DCC600015FAB3 /* XCTestDriver.h */,
				52D8FA5C2D6DCC600015FAB3 /* XCTestDriverInterface-Protocol.h */,
				52D8FA5D2D6DCC600015FAB3 /* XCTestExpectation.h */,
				52D8FA5E2D6DCC600015FAB3 /* XCTestExpectationDelegate-Protocol.h */,
				52D8FA5F2D6DCC600015FAB3 /* XCTestExpectationWaiter.h */,
				52D8FA602D6DCC600015FAB3 /* XCTestLog.h */,
				52D8FA612D6DCC600015FAB3 /* XCTestManager_IDEInterface-Protocol.h */,
				52D8FA622D6DCC600015FAB3 /* XCTestManager_ManagerInterface-Protocol.h */,
				52D8FA632D6DCC600015FAB3 /* XCTestManager_TestsInterface-Protocol.h */,
				52D8FA642D6DCC600015FAB3 /* XCTestMisuseObserver.h */,
				52D8FA652D6DCC600015FAB3 /* XCTestObservation-Protocol.h */,
				52D8FA662D6DCC600015FAB3 /* XCTestObservationCenter.h */,
				52D8FA672D6DCC600015FAB3 /* XCTestObserver.h */,
				52D8FA682D6DCC600015FAB3 /* XCTestProbe.h */,
				52D8FA692D6DCC600015FAB3 /* XCTestRun.h */,
				52D8FA6A2D6DCC600015FAB3 /* XCTestSuite.h */,
				52D8FA6B2D6DCC600015FAB3 /* XCTestSuiteRun.h */,
				52D8FA6C2D6DCC600015FAB3 /* XCTestWaiter.h */,
				52D8FA6D2D6DCC600015FAB3 /* XCTKVOExpectation.h */,
				52D8FA6E2D6DCC600015FAB3 /* XCTMetric.h */,
				52D8FA6F2D6DCC600015FAB3 /* XCTNSNotificationExpectation.h */,
				52D8FA702D6DCC600015FAB3 /* XCTNSPredicateExpectation.h */,
				52D8FA712D6DCC600015FAB3 /* XCTNSPredicateExpectationObject-Protocol.h */,
				52D8FA722D6DCC600015FAB3 /* XCTRunnerAutomationSession.h */,
				52D8FA732D6DCC600015FAB3 /* XCTRunnerDaemonSession.h */,
				52D8FA742D6DCC600015FAB3 /* XCTRunnerIDESession.h */,
				52D8FA752D6DCC600015FAB3 /* XCTTestRunSession.h */,
				52D8FA762D6DCC600015FAB3 /* XCTTestRunSessionDelegate-Protocol.h */,
				52D8FA772D6DCC600015FAB3 /* XCTUIApplicationMonitor-Protocol.h */,
				52D8FA782D6DCC600015FAB3 /* XCTWaiter.h */,
				52D8FA792D6DCC600015FAB3 /* XCTWaiterDelegate-Protocol.h */,
				52D8FA7A2D6DCC600015FAB3 /* XCTWaiterDelegatePrivate-Protocol.h */,
				52D8FA7B2D6DCC600015FAB3 /* XCTWaiterManagement-Protocol.h */,
				52D8FA7C2D6DCC600015FAB3 /* XCTWaiterManager.h */,
				52D8FA7D2D6DCC600015FAB3 /* XCUIApplication.h */,
				52D8FA7E2D6DCC600015FAB3 /* XCUIApplicationImpl.h */,
				52D8FA7F2D6DCC600015FAB3 /* XCUIApplicationProcess.h */,
				52D8FA802D6DCC600015FAB3 /* XCUICoordinate.h */,
				52D8FA812D6DCC600015FAB3 /* XCUIDevice.h */,
				52D8FA822D6DCC600015FAB3 /* XCUIElement.h */,
				52D8FA832D6DCC600015FAB3 /* XCUIElementAsynchronousHandlerWrapper.h */,
				52D8FA842D6DCC600015FAB3 /* XCUIElementHitPointCoordinate.h */,
				52D8FA852D6DCC600015FAB3 /* XCUIElementQuery.h */,
				52D8FA862D6DCC600015FAB3 /* XCUIHitPointResult.h */,
				52D8FA872D6DCC600015FAB3 /* XCUIRecorderNodeFinder.h */,
				52D8FA882D6DCC600015FAB3 /* XCUIRecorderNodeFinderMatch.h */,
				52D8FA892D6DCC600015FAB3 /* XCUIRecorderTimingMessage.h */,
				52D8FA8A2D6DCC600015FAB3 /* XCUIRecorderUtilities.h */,
				52D8FA8B2D6DCC600015FAB3 /* XCTElementSetTransformer-Protocol.h */,
				52D8FA8C2D6DCC600015FAB3 /* XCUIScreen.h */,
				52D8FA8D2D6DCC600015FAB3 /* XCUIScreenDataSource-Protocol.h */,
			);
			path = XCTest;
			sourceTree = "<group>";
		};
		52D8FA8E2D6DCF010015FAB3 /* Categories */ = {
			isa = PBXGroup;
			children = (
				526111792DE5E8E5007C356B /* XCAXClient_iOS+FBSnapshotReqParams.m */,
				526111772DE5E8D0007C356B /* XCAXClient_iOS+FBSnapshotReqParams.h */,
				521C1F0A2D801A350024EE42 /* XCUIApplication+Helper.m */,
				521C1F082D80184D0024EE42 /* XCUIApplication+Helper.h */,
				52D8FAB22D6DD54F0015FAB3 /* XCUIApplication+FBQuiescence.h */,
				52D8FAB32D6DD54F0015FAB3 /* XCUIApplication+FBQuiescence.m */,
				52D8FA9B2D6DCFAF0015FAB3 /* XCUIApplicationProcess+FBQuiescence.h */,
				52D8FA9C2D6DCFAF0015FAB3 /* XCUIApplicationProcess+FBQuiescence.m */,
				52D8FA922D6DCF2C0015FAB3 /* devicekit-iosUITests-Bridging-Header.h */,
			);
			path = Categories;
			sourceTree = "<group>";
		};
		52D8FAA92D6DD3850015FAB3 /* Utilities */ = {
			isa = PBXGroup;
			children = (
				521C1F0F2D8051F20024EE42 /* XCTestDaemonsProxy.m */,
				521C1F0D2D8051890024EE42 /* XCTestDaemonsProxy.h */,
				521C1F062D8017460024EE42 /* AXClientProxy.m */,
				521C1F022D8014340024EE42 /* AXClientProxy.h */,
				52D8FAAE2D6DD4100015FAB3 /* FBConfiguration.h */,
				52D8FAAF2D6DD4100015FAB3 /* FBConfiguration.m */,
				52D8FAAA2D6DD3A20015FAB3 /* FBLogger.h */,
				52D8FAAB2D6DD3A20015FAB3 /* FBLogger.m */,
				521C1F042D8016950024EE42 /* XCAccessibilityElement.h */,
			);
			path = Utilities;
			sourceTree = "<group>";
		};
		612DE410298410F9003C2BE0 /* XCTest */ = {
			isa = PBXGroup;
			children = (
				9811C9082C49751D00DDACA0 /* OrientationGeometry.swift */,
				94826F4329DB082100795E9B /* SystemPermissionManager.swift */,
				6124329D2A4DA5BB00F5F619 /* AXElement.swift */,
				610D58FA2A49E3CA00B4BBEB /* AXClientSwizzler.swift */,
				612DE4112984114B003C2BE0 /* RunnerDaemonProxy.swift */,
				612DE413298426EF003C2BE0 /* EventRecord.swift */,
				613E87D6299A64BD00FF8551 /* PointerEventPath.swift */,
				52E35D422A654F67001D97A8 /* RunningApp.swift */,
			);
			path = XCTest;
			sourceTree = "<group>";
		};
		787C47962F227F6B0027A012 /* JSONRPC */ = {
			isa = PBXGroup;
			children = (
				787C47DE2F228B770027A012 /* Handlers */,
				787C47922F227F6B0027A012 /* JSONRPCDispatcher.swift */,
				787C47932F227F6B0027A012 /* JSONRPCModels.swift */,
				787C48472F228D950027A012 /* JSONRPCMessageHandler.swift */,
				787C48452F228D8C0027A012 /* JSONRPCHTTPHandler.swift */,
				787C47942F227F6B0027A012 /* RPCMethodHandler.swift */,
				787C47952F227F6B0027A012 /* XCTestWebSocketServer.swift */,
			);
			path = JSONRPC;
			sourceTree = "<group>";
		};
		787C47DE2F228B770027A012 /* Handlers */ = {
			isa = PBXGroup;
			children = (
				781480FE2F27DEE600E61E3B /* IOGesture.swift */,
				781480742F27D2B900E61E3B /* URL.swift */,
				781480362F27CEF000E61E3B /* Screenshot.swift */,
				7814800A2F27C55500E61E3B /* IOLongpress.swift */,
				78147FCA2F27C03500E61E3B /* IOSwipe.swift */,
				78147F3C2F27BDBC00E61E3B /* AppsLaunch.swift */,
				78147F0E2F27AA6B00E61E3B /* IOText.swift */,
				787C47DC2F228B770027A012 /* DumpUI.swift */,
				787C47DD2F228B770027A012 /* IOTap.swift */,
			);
			path = Handlers;
			sourceTree = "<group>";
		};
/* End PBXGroup section */

/* Begin PBXHeadersBuildPhase section */
		52D8FA9E2D6DD0970015FAB3 /* Headers */ = {
			isa = PBXHeadersBuildPhase;
			buildActionMask = 2147483647;
			files = (
				52D8FAA72D6DD1950015FAB3 /* XCUICoordinate.h in Headers */,
				52D8FAA52D6DD1950015FAB3 /* XCUIApplicationImpl.h in Headers */,
				52D8FAB52D6DD54F0015FAB3 /* XCUIApplication+FBQuiescence.h in Headers */,
				52D8FAA62D6DD1950015FAB3 /* XCUIApplicationProcess.h in Headers */,
				52D8FAA82D6DD1950015FAB3 /* XCUIDevice.h in Headers */,
				52D8FAA42D6DD1950015FAB3 /* XCUIApplication.h in Headers */,
				526111782DE5E8DA007C356B /* XCAXClient_iOS+FBSnapshotReqParams.h in Headers */,
				521C1F092D8018590024EE42 /* XCUIApplication+Helper.h in Headers */,
				52D8FAA12D6DD13B0015FAB3 /* _XCTestImplementation.h in Headers */,
				52D8FAAD2D6DD3A20015FAB3 /* FBLogger.h in Headers */,
				521C1F0C2D8030A30024EE42 /* XCTestManager_ManagerInterface-Protocol.h in Headers */,
				52D8FAB12D6DD4100015FAB3 /* FBConfiguration.h in Headers */,
				52D8FAA02D6DD0E60015FAB3 /* XCAXClient_iOS.h in Headers */,
				521C1F0E2D80518A0024EE42 /* XCTestDaemonsProxy.h in Headers */,
				521C1F052D8016950024EE42 /* XCAccessibilityElement.h in Headers */,
				52D8FAA32D6DD16F0015FAB3 /* CDStructures.h in Headers */,
				52D8FAA22D6DD1580015FAB3 /* devicekit-iosUITests-Bridging-Header.h in Headers */,
				52D8FA9F2D6DD0B50015FAB3 /* XCUIApplicationProcess+FBQuiescence.h in Headers */,
				521C1F032D8014410024EE42 /* AXClientProxy.h in Headers */,
			);
			runOnlyForDeploymentPostprocessing = 0;
		};
/* End PBXHeadersBuildPhase section */

/* Begin PBXNativeTarget section */
		52049BD22935039F00807AA3 /* devicekit-ios */ = {
			isa = PBXNativeTarget;
			buildConfigurationList = 52049BFD293503A200807AA3 /* Build configuration list for PBXNativeTarget "devicekit-ios" */;
			buildPhases = (
				52049BCF2935039F00807AA3 /* Sources */,
				52049BD02935039F00807AA3 /* Frameworks */,
				52049BD12935039F00807AA3 /* Resources */,
				78F689272F17EE190025C8AC /* Embed Foundation Extensions */,
			);
			buildRules = (
			);
			dependencies = (
				78F6891A2F17EE190025C8AC /* PBXTargetDependency */,
				78F6891D2F17EE190025C8AC /* PBXTargetDependency */,
			);
			fileSystemSynchronizedGroups = (
				787C95D52F17F59E00AB3BF1 /* View */,
			);
			name = "devicekit-ios";
			packageProductDependencies = (
			);
			productName = "maestro-driver-ios";
			productReference = 52049BD32935039F00807AA3 /* devicekit-ios.app */;
			productType = "com.apple.product-type.application";
		};
		52049BF2293503A200807AA3 /* devicekit-iosUITests */ = {
			isa = PBXNativeTarget;
			buildConfigurationList = 52049C03293503A200807AA3 /* Build configuration list for PBXNativeTarget "devicekit-iosUITests" */;
			buildPhases = (
				52D8FA9E2D6DD0970015FAB3 /* Headers */,
				52049BEF293503A200807AA3 /* Sources */,
				52049BF0293503A200807AA3 /* Frameworks */,
				52049BF1293503A200807AA3 /* Resources */,
			);
			buildRules = (
			);
			dependencies = (
				52049BF5293503A200807AA3 /* PBXTargetDependency */,
			);
			name = "devicekit-iosUITests";
			packageProductDependencies = (
				5279BFD52935ECE20056C609 /* FlyingFox */,
			);
			productName = "maestro-driver-iosUITests";
			productReference = 52049BF3293503A200807AA3 /* devicekit-iosUITests.xctest */;
			productType = "com.apple.product-type.bundle.ui-testing";
		};
		78F689052F17EE190025C8AC /* BroadcastUploadExtension */ = {
			isa = PBXNativeTarget;
			buildConfigurationList = 78F689202F17EE190025C8AC /* Build configuration list for PBXNativeTarget "BroadcastUploadExtension" */;
			buildPhases = (
				78F689022F17EE190025C8AC /* Sources */,
				78F689032F17EE190025C8AC /* Frameworks */,
				78F689042F17EE190025C8AC /* Resources */,
			);
			buildRules = (
			);
			dependencies = (
			);
			fileSystemSynchronizedGroups = (
				78F689092F17EE190025C8AC /* BroadcastUploadExtension */,
			);
			name = BroadcastUploadExtension;
			packageProductDependencies = (
				78F689302F17EE5C0025C8AC /* H264Codec */,
				78F689322F17EE5C0025C8AC /* TCP */,
				7844BCC02F28128A00F7E003 /* OpusCodec */,
			);
			productName = BroadcastUploadExtension;
			productReference = 78F689062F17EE190025C8AC /* BroadcastUploadExtension.appex */;
			productType = "com.apple.product-type.app-extension";
		};
		78F689102F17EE190025C8AC /* BroadcastUploadExtensionSetupUI */ = {
			isa = PBXNativeTarget;
			buildConfigurationList = 78F689242F17EE190025C8AC /* Build configuration list for PBXNativeTarget "BroadcastUploadExtensionSetupUI" */;
			buildPhases = (
				78F6890D2F17EE190025C8AC /* Sources */,
				78F6890E2F17EE190025C8AC /* Frameworks */,
				78F6890F2F17EE190025C8AC /* Resources */,
			);
			buildRules = (
			);
			dependencies = (
			);
			fileSystemSynchronizedGroups = (
				78F689152F17EE190025C8AC /* BroadcastUploadExtensionSetupUI */,
			);
			name = BroadcastUploadExtensionSetupUI;
			packageProductDependencies = (
			);
			productName = BroadcastUploadExtensionSetupUI;
			productReference = 78F689112F17EE190025C8AC /* BroadcastUploadExtensionSetupUI.appex */;
			productType = "com.apple.product-type.app-extension";
		};
/* End PBXNativeTarget section */

/* Begin PBXProject section */
		52049BCB2935039F00807AA3 /* Project object */ = {
			isa = PBXProject;
			attributes = {
				BuildIndependentTargetsInParallel = 1;
				LastSwiftUpdateCheck = 2610;
				LastUpgradeCheck = 2610;
				TargetAttributes = {
					52049BD22935039F00807AA3 = {
						CreatedOnToolsVersion = 13.4.1;
					};
					52049BF2293503A200807AA3 = {
						CreatedOnToolsVersion = 13.4.1;
						LastSwiftMigration = 1620;
						TestTargetID = 52049BD22935039F00807AA3;
					};
					78F689052F17EE190025C8AC = {
						CreatedOnToolsVersion = 26.1;
					};
					78F689102F17EE190025C8AC = {
						CreatedOnToolsVersion = 26.1;
					};
				};
			};
			buildConfigurationList = 52049BCE2935039F00807AA3 /* Build configuration list for PBXProject "devicekit-ios" */;
			compatibilityVersion = "Xcode 13.0";
			developmentRegion = en;
			hasScannedForEncodings = 0;
			knownRegions = (
				en,
				Base,
			);
			mainGroup = 52049BCA2935039F00807AA3;
			packageReferences = (
				52049C062935E04D00807AA3 /* XCRemoteSwiftPackageReference "FlyingFox" */,
				78F689002F17EDEB0025C8AC /* XCLocalSwiftPackageReference "h264-codec" */,
				78F689012F17EDFA0025C8AC /* XCLocalSwiftPackageReference "tcp" */,
				7844BCBF2F28128A00F7E003 /* XCLocalSwiftPackageReference "opus-codec" */,
			);
			productRefGroup = 52049BD42935039F00807AA3 /* Products */;
			projectDirPath = "";
			projectRoot = "";
			targets = (
				52049BD22935039F00807AA3 /* devicekit-ios */,
				52049BF2293503A200807AA3 /* devicekit-iosUITests */,
				78F689052F17EE190025C8AC /* BroadcastUploadExtension */,
				78F689102F17EE190025C8AC /* BroadcastUploadExtensionSetupUI */,
			);
		};
/* End PBXProject section */

/* Begin PBXResourcesBuildPhase section */
		52049BD12935039F00807AA3 /* Resources */ = {
			isa = PBXResourcesBuildPhase;
			buildActionMask = 2147483647;
			files = (
				787C95982F17F23500AB3BF1 /* Assets.xcassets in Resources */,
			);
			runOnlyForDeploymentPostprocessing = 0;
		};
		52049BF1293503A200807AA3 /* Resources */ = {
			isa = PBXResourcesBuildPhase;
			buildActionMask = 2147483647;
			files = (
			);
			runOnlyForDeploymentPostprocessing = 0;
		};
		78F689042F17EE190025C8AC /* Resources */ = {
			isa = PBXResourcesBuildPhase;
			buildActionMask = 2147483647;
			files = (
			);
			runOnlyForDeploymentPostprocessing = 0;
		};
		78F6890F2F17EE190025C8AC /* Resources */ = {
			isa = PBXResourcesBuildPhase;
			buildActionMask = 2147483647;
			files = (
			);
			runOnlyForDeploymentPostprocessing = 0;
		};
/* End PBXResourcesBuildPhase section */

/* Begin PBXSourcesBuildPhase section */
		52049BCF2935039F00807AA3 /* Sources */ = {
			isa = PBXSourcesBuildPhase;
			buildActionMask = 2147483647;
			files = (
				78F689392F17EF1B0025C8AC /* devicekit_iosApp.swift in Sources */,
			);
			runOnlyForDeploymentPostprocessing = 0;
		};
		52049BEF293503A200807AA3 /* Sources */ = {
			isa = PBXSourcesBuildPhase;
			buildActionMask = 2147483647;
			files = (
				787C48462F228D8D0027A012 /* JSONRPCHTTPHandler.swift in Sources */,
				781480FF2F27DEE600E61E3B /* IOGesture.swift in Sources */,
				612DE4122984114B003C2BE0 /* RunnerDaemonProxy.swift in Sources */,
				94826F4429DB082100795E9B /* SystemPermissionManager.swift in Sources */,
				52D8FAAC2D6DD3A20015FAB3 /* FBLogger.m in Sources */,
				521C1F072D8017480024EE42 /* AXClientProxy.m in Sources */,
				5261117A2DE5E8E7007C356B /* XCAXClient_iOS+FBSnapshotReqParams.m in Sources */,
				78147F3D2F27BDBC00E61E3B /* AppsLaunch.swift in Sources */,
				610D58FB2A49E3CA00B4BBEB /* AXClientSwizzler.swift in Sources */,
				787C47DF2F228B770027A012 /* IOTap.swift in Sources */,
				787C47E02F228B770027A012 /* DumpUI.swift in Sources */,
				521C1F102D8051FC0024EE42 /* XCTestDaemonsProxy.m in Sources */,
				613E87D7299A64BD00FF8551 /* PointerEventPath.swift in Sources */,
				78147FCB2F27C04400E61E3B /* IOSwipe.swift in Sources */,
				787C48482F228D960027A012 /* JSONRPCMessageHandler.swift in Sources */,
				9811C9092C49751D00DDACA0 /* OrientationGeometry.swift in Sources */,
				612DE414298426EF003C2BE0 /* EventRecord.swift in Sources */,
				787C47972F227F6B0027A012 /* JSONRPCModels.swift in Sources */,
				787C47982F227F6B0027A012 /* RPCMethodHandler.swift in Sources */,
				7814800B2F27C56100E61E3B /* IOLongpress.swift in Sources */,
				781480372F27CEF000E61E3B /* Screenshot.swift in Sources */,
				787C47992F227F6B0027A012 /* XCTestWebSocketServer.swift in Sources */,
				781480752F27D2BB00E61E3B /* URL.swift in Sources */,
				787C479A2F227F6B0027A012 /* JSONRPCDispatcher.swift in Sources */,
				521C1F0B2D801A360024EE42 /* XCUIApplication+Helper.m in Sources */,
				52D8FA9D2D6DCFAF0015FAB3 /* XCUIApplicationProcess+FBQuiescence.m in Sources */,
				52049BF8293503A200807AA3 /* devicekit_iosUITests.swift in Sources */,
				52D8FAB02D6DD4100015FAB3 /* FBConfiguration.m in Sources */,
				78147F0F2F27AA6B00E61E3B /* IOText.swift in Sources */,
				6124329E2A4DA5BB00F5F619 /* AXElement.swift in Sources */,
				52E35D432A654F67001D97A8 /* RunningApp.swift in Sources */,
				52D8FAB42D6DD54F0015FAB3 /* XCUIApplication+FBQuiescence.m in Sources */,
			);
			runOnlyForDeploymentPostprocessing = 0;
		};
		78F689022F17EE190025C8AC /* Sources */ = {
			isa = PBXSourcesBuildPhase;
			buildActionMask = 2147483647;
			files = (
			);
			runOnlyForDeploymentPostprocessing = 0;
		};
		78F6890D2F17EE190025C8AC /* Sources */ = {
			isa = PBXSourcesBuildPhase;
			buildActionMask = 2147483647;
			files = (
			);
			runOnlyForDeploymentPostprocessing = 0;
		};
/* End PBXSourcesBuildPhase section */

/* Begin PBXTargetDependency section */
		52049BF5293503A200807AA3 /* PBXTargetDependency */ = {
			isa = PBXTargetDependency;
			target = 52049BD22935039F00807AA3 /* devicekit-ios */;
			targetProxy = 52049BF4293503A200807AA3 /* PBXContainerItemProxy */;
		};
		78F6891A2F17EE190025C8AC /* PBXTargetDependency */ = {
			isa = PBXTargetDependency;
			target = 78F689102F17EE190025C8AC /* BroadcastUploadExtensionSetupUI */;
			targetProxy = 78F689192F17EE190025C8AC /* PBXContainerItemProxy */;
		};
		78F6891D2F17EE190025C8AC /* PBXTargetDependency */ = {
			isa = PBXTargetDependency;
			target = 78F689052F17EE190025C8AC /* BroadcastUploadExtension */;
			targetProxy = 78F6891C2F17EE190025C8AC /* PBXContainerItemProxy */;
		};
/* End PBXTargetDependency section */

/* Begin XCBuildConfiguration section */
		52049BFB293503A200807AA3 /* Debug */ = {
			isa = XCBuildConfiguration;
			buildSettings = {
				ALWAYS_SEARCH_USER_PATHS = NO;
				ASSETCATALOG_COMPILER_GENERATE_SWIFT_ASSET_SYMBOL_EXTENSIONS = YES;
				CLANG_ANALYZER_NONNULL = YES;
				CLANG_ANALYZER_NUMBER_OBJECT_CONVERSION = YES_AGGRESSIVE;
				CLANG_CXX_LANGUAGE_STANDARD = "gnu++17";
				CLANG_ENABLE_MODULES = YES;
				CLANG_ENABLE_OBJC_ARC = YES;
				CLANG_ENABLE_OBJC_WEAK = YES;
				CLANG_WARN_BLOCK_CAPTURE_AUTORELEASING = YES;
				CLANG_WARN_BOOL_CONVERSION = YES;
				CLANG_WARN_COMMA = YES;
				CLANG_WARN_CONSTANT_CONVERSION = YES;
				CLANG_WARN_DEPRECATED_OBJC_IMPLEMENTATIONS = YES;
				CLANG_WARN_DIRECT_OBJC_ISA_USAGE = YES_ERROR;
				CLANG_WARN_DOCUMENTATION_COMMENTS = YES;
				CLANG_WARN_EMPTY_BODY = YES;
				CLANG_WARN_ENUM_CONVERSION = YES;
				CLANG_WARN_INFINITE_RECURSION = YES;
				CLANG_WARN_INT_CONVERSION = YES;
				CLANG_WARN_NON_LITERAL_NULL_CONVERSION = YES;
				CLANG_WARN_OBJC_IMPLICIT_RETAIN_SELF = YES;
				CLANG_WARN_OBJC_LITERAL_CONVERSION = YES;
				CLANG_WARN_OBJC_ROOT_CLASS = YES_ERROR;
				CLANG_WARN_QUOTED_INCLUDE_IN_FRAMEWORK_HEADER = YES;
				CLANG_WARN_RANGE_LOOP_ANALYSIS = YES;
				CLANG_WARN_STRICT_PROTOTYPES = YES;
				CLANG_WARN_SUSPICIOUS_MOVE = YES;
				CLANG_WARN_UNGUARDED_AVAILABILITY = YES_AGGRESSIVE;
				CLANG_WARN_UNREACHABLE_CODE = YES;
				CLANG_WARN__DUPLICATE_METHOD_MATCH = YES;
				COPY_PHASE_STRIP = NO;
				DEBUG_INFORMATION_FORMAT = dwarf;
				DEVELOPMENT_TEAM = MAVP5V2N7V;
				ENABLE_STRICT_OBJC_MSGSEND = YES;
				ENABLE_TESTABILITY = YES;
				GCC_DYNAMIC_NO_PIC = NO;
				GCC_NO_COMMON_BLOCKS = YES;
				GCC_OPTIMIZATION_LEVEL = 0;
				GCC_PREPROCESSOR_DEFINITIONS = (
					"DEBUG=1",
					"$(inherited)",
				);
				GCC_WARN_64_TO_32_BIT_CONVERSION = YES;
				GCC_WARN_ABOUT_RETURN_TYPE = YES_ERROR;
				GCC_WARN_UNDECLARED_SELECTOR = YES;
				GCC_WARN_UNINITIALIZED_AUTOS = YES_AGGRESSIVE;
				GCC_WARN_UNUSED_FUNCTION = YES;
				GCC_WARN_UNUSED_VARIABLE = YES;
				IPHONEOS_DEPLOYMENT_TARGET = 14.0;
				MTL_ENABLE_DEBUG_INFO = INCLUDE_SOURCE;
				MTL_FAST_MATH = YES;
				ONLY_ACTIVE_ARCH = YES;
				SDKROOT = iphoneos;
				STRING_CATALOG_GENERATE_SYMBOLS = YES;
				SWIFT_ACTIVE_COMPILATION_CONDITIONS = DEBUG;
				SWIFT_OPTIMIZATION_LEVEL = "-Onone";
			};
			name = Debug;
		};
		52049BFC293503A200807AA3 /* Release */ = {
			isa = XCBuildConfiguration;
			buildSettings = {
				ALWAYS_SEARCH_USER_PATHS = NO;
				ASSETCATALOG_COMPILER_GENERATE_SWIFT_ASSET_SYMBOL_EXTENSIONS = YES;
				CC_C_LANGUAGE_STANDARD = gnu11;
				CLANG_ANALYZER_NONNULL = YES;
				CLANG_ANALYZER_NUMBER_OBJECT_CONVERSION = YES_AGGRESSIVE;
				CLANG_CXX_LANGUAGE_STANDARD = "gnu++17";
				CLANG_ENABLE_MODULES = YES;
				CLANG_ENABLE_OBJC_ARC = YES;
				CLANG_ENABLE_OBJC_WEAK = YES;
				CLANG_WARN_BLOCK_CAPTURE_AUTORELEASING = YES;
				CLANG_WARN_BOOL_CONVERSION = YES;
				CLANG_WARN_COMMA = YES;
				CLANG_WARN_CONSTANT_CONVERSION = YES;
				CLANG_WARN_DEPRECATED_OBJC_IMPLEMENTATIONS = YES;
				CLANG_WARN_DIRECT_OBJC_ISA_USAGE = YES_ERROR;
				CLANG_WARN_DOCUMENTATION_COMMENTS = YES;
				CLANG_WARN_EMPTY_BODY = YES;
				CLANG_WARN_ENUM_CONVERSION = YES;
				CLANG_WARN_INFINITE_RECURSION = YES;
				CLANG_WARN_INT_CONVERSION = YES;
				CLANG_WARN_NON_LITERAL_NULL_CONVERSION = YES;
				CLANG_WARN_OBJC_IMPLICIT_RETAIN_SELF = YES;
				CLANG_WARN_OBJC_LITERAL_CONVERSION = YES;
				CLANG_WARN_OBJC_ROOT_CLASS = YES_ERROR;
				CLANG_WARN_QUOTED_INCLUDE_IN_FRAMEWORK_HEADER = YES;
				CLANG_WARN_RANGE_LOOP_ANALYSIS = YES;
				CLANG_WARN_STRICT_PROTOTYPES = YES;
				CLANG_WARN_SUSPICIOUS_MOVE = YES;
				CLANG_WARN_UNGUARDED_AVAILABILITY = YES_AGGRESSIVE;
				CLANG_WARN_UNREACHABLE_CODE = YES;
				CLANG_WARN__DUPLICATE_METHOD_MATCH = YES;
				COPY_PHASE_STRIP = NO;
				DEBUG_INFORMATION_FORMAT = "dwarf-with-dsym";
				DEVELOPMENT_TEAM = MAVP5V2N7V;
				ENABLE_NS_ASSERTIONS = NO;
				ENABLE_STRICT_OBJC_MSGSEND = YES;
				GCC_NO_COMMON_BLOCKS = YES;
				GCC_WARN_64_TO_32_BIT_CONVERSION = YES;
				GCC_WARN_ABOUT_RETURN_TYPE = YES_ERROR;
				GCC_WARN_UNDECLARED_SELECTOR = YES;
				GCC_WARN_UNINITIALIZED_AUTOS = YES_AGGRESSIVE;
				GCC_WARN_UNUSED_FUNCTION = YES;
				GCC_WARN_UNUSED_VARIABLE = YES;
				IPHONEOS_DEPLOYMENT_TARGET = 14.0;
				MTL_ENABLE_DEBUG_INFO = NO;
				MTL_FAST_MATH = YES;
				SDKROOT = iphoneos;
				STRING_CATALOG_GENERATE_SYMBOLS = YES;
				SWIFT_COMPILATION_MODE = wholemodule;
				SWIFT_OPTIMIZATION_LEVEL = "-O";
				VALIDATE_PRODUCT = YES;
			};
			name = Release;
		};
		52049BFE293503A200807AA3 /* Debug */ = {
			isa = XCBuildConfiguration;
			buildSettings = {
				ASSETCATALOG_COMPILER_APPICON_NAME = AppIcon;
				ASSETCATALOG_COMPILER_GLOBAL_ACCENT_COLOR_NAME = AccentColor;
				CODE_SIGN_IDENTITY = "Apple Development";
				CODE_SIGN_STYLE = Manual;
				CURRENT_PROJECT_VERSION = 1;
				DEVELOPMENT_TEAM = "";
				GENERATE_INFOPLIST_FILE = YES;
				INFOPLIST_FILE = "";
				INFOPLIST_KEY_UIApplicationSupportsIndirectInputEvents = YES;
				INFOPLIST_KEY_UILaunchStoryboardName = LaunchScreen;
				INFOPLIST_KEY_UIMainStoryboardFile = "";
				INFOPLIST_KEY_UISupportedInterfaceOrientations_iPad = "UIInterfaceOrientationPortrait UIInterfaceOrientationPortraitUpsideDown UIInterfaceOrientationLandscapeLeft UIInterfaceOrientationLandscapeRight";
				INFOPLIST_KEY_UISupportedInterfaceOrientations_iPhone = "UIInterfaceOrientationPortrait UIInterfaceOrientationLandscapeLeft UIInterfaceOrientationLandscapeRight";
				IPHONEOS_DEPLOYMENT_TARGET = 14.0;
				LD_RUNPATH_SEARCH_PATHS = (
					"$(inherited)",
					"@executable_path/Frameworks",
				);
				MARKETING_VERSION = 1.0;
				PRODUCT_BUNDLE_IDENTIFIER = "com.mobilenext.devicekit-ios";
				PRODUCT_NAME = "$(TARGET_NAME)";
				PROVISIONING_PROFILE_SPECIFIER = "";
				SWIFT_EMIT_LOC_STRINGS = YES;
				SWIFT_VERSION = 5.0;
				TARGETED_DEVICE_FAMILY = "1,2";
			};
			name = Debug;
		};
		52049BFF293503A200807AA3 /* Release */ = {
			isa = XCBuildConfiguration;
			buildSettings = {
				ASSETCATALOG_COMPILER_APPICON_NAME = AppIcon;
				ASSETCATALOG_COMPILER_GLOBAL_ACCENT_COLOR_NAME = AccentColor;
				CODE_SIGN_IDENTITY = "Apple Development";
				CODE_SIGN_STYLE = Manual;
				CURRENT_PROJECT_VERSION = 1;
				DEVELOPMENT_TEAM = "";
				GENERATE_INFOPLIST_FILE = YES;
				INFOPLIST_FILE = "";
				INFOPLIST_KEY_UIApplicationSupportsIndirectInputEvents = YES;
				INFOPLIST_KEY_UILaunchStoryboardName = LaunchScreen;
				INFOPLIST_KEY_UIMainStoryboardFile = "";
				INFOPLIST_KEY_UISupportedInterfaceOrientations_iPad = "UIInterfaceOrientationPortrait UIInterfaceOrientationPortraitUpsideDown UIInterfaceOrientationLandscapeLeft UIInterfaceOrientationLandscapeRight";
				INFOPLIST_KEY_UISupportedInterfaceOrientations_iPhone = "UIInterfaceOrientationPortrait UIInterfaceOrientationLandscapeLeft UIInterfaceOrientationLandscapeRight";
				IPHONEOS_DEPLOYMENT_TARGET = 14.0;
				LD_RUNPATH_SEARCH_PATHS = (
					"$(inherited)",
					"@executable_path/Frameworks",
				);
				MARKETING_VERSION = 1.0;
				PRODUCT_BUNDLE_IDENTIFIER = "com.mobilenext.devicekit-ios";
				PRODUCT_NAME = "$(TARGET_NAME)";
				PROVISIONING_PROFILE_SPECIFIER = "";
				SWIFT_EMIT_LOC_STRINGS = YES;
				SWIFT_VERSION = 5.0;
				TARGETED_DEVICE_FAMILY = "1,2";
			};
			name = Release;
		};
		52049C04293503A200807AA3 /* Debug */ = {
			isa = XCBuildConfiguration;
			buildSettings = {
				CLANG_ENABLE_MODULES = YES;
				CODE_SIGN_IDENTITY = "Apple Development";
				CODE_SIGN_STYLE = Manual;
				CURRENT_PROJECT_VERSION = 1;
				DEVELOPMENT_TEAM = "";
				GENERATE_INFOPLIST_FILE = YES;
				LD_RUNPATH_SEARCH_PATHS = (
					"$(inherited)",
					"@executable_path/Frameworks",
					"@loader_path/Frameworks",
				);
				MARKETING_VERSION = 1.0;
				PRODUCT_BUNDLE_IDENTIFIER = "com.mobilenext.devicekit-iosUITests";
				PRODUCT_NAME = "$(TARGET_NAME)";
				PROVISIONING_PROFILE = "";
				PROVISIONING_PROFILE_SPECIFIER = "";
				SUPPORTED_PLATFORMS = "iphoneos iphonesimulator";
				SUPPORTS_MACCATALYST = NO;
				SWIFT_EMIT_LOC_STRINGS = NO;
				SWIFT_OBJC_BRIDGING_HEADER = "devicekit-iosUITests/Categories/devicekit-iosUITests-Bridging-Header.h";
				SWIFT_OPTIMIZATION_LEVEL = "-Onone";
				SWIFT_VERSION = 5.0;
				TARGETED_DEVICE_FAMILY = "1,2";
				TEST_TARGET_NAME = "devicekit-ios";
			};
			name = Debug;
		};
		52049C05293503A200807AA3 /* Release */ = {
			isa = XCBuildConfiguration;
			buildSettings = {
				CLANG_ENABLE_MODULES = YES;
				CODE_SIGN_IDENTITY = "Apple Development";
				CODE_SIGN_STYLE = Manual;
				CURRENT_PROJECT_VERSION = 1;
				DEVELOPMENT_TEAM = "";
				GENERATE_INFOPLIST_FILE = YES;
				LD_RUNPATH_SEARCH_PATHS = (
					"$(inherited)",
					"@executable_path/Frameworks",
					"@loader_path/Frameworks",
				);
				MARKETING_VERSION = 1.0;
				PRODUCT_BUNDLE_IDENTIFIER = "com.mobilenext.devicekit-iosUITests";
				PRODUCT_NAME = "$(TARGET_NAME)";
				PROVISIONING_PROFILE = "";
				PROVISIONING_PROFILE_SPECIFIER = "";
				SUPPORTED_PLATFORMS = "iphoneos iphonesimulator";
				SUPPORTS_MACCATALYST = NO;
				SWIFT_EMIT_LOC_STRINGS = NO;
				SWIFT_OBJC_BRIDGING_HEADER = "devicekit-iosUITests/Categories/devicekit-iosUITests-Bridging-Header.h";
				SWIFT_VERSION = 5.0;
				TARGETED_DEVICE_FAMILY = "1,2";
				TEST_TARGET_NAME = "devicekit-ios";
			};
			name = Release;
		};
		78F689212F17EE190025C8AC /* Debug */ = {
			isa = XCBuildConfiguration;
			buildSettings = {
				ASSETCATALOG_COMPILER_GENERATE_SWIFT_ASSET_SYMBOL_EXTENSIONS = YES;
				CLANG_CXX_LANGUAGE_STANDARD = "gnu++20";
				CODE_SIGN_IDENTITY = "Apple Development";
				CODE_SIGN_STYLE = Manual;
				CURRENT_PROJECT_VERSION = 1;
				DEVELOPMENT_TEAM = "";
				ENABLE_USER_SCRIPT_SANDBOXING = YES;
				GCC_C_LANGUAGE_STANDARD = gnu17;
				GENERATE_INFOPLIST_FILE = YES;
				HEADER_SEARCH_PATHS = (
					"$(inherited)",
					"$(SRCROOT)/ThirdParty/opus/include",
					"$(SRCROOT)/ThirdParty/opus/src",
					"$(SRCROOT)/ThirdParty/opus/celt",
					"$(SRCROOT)/ThirdParty/opus/silk",
					"$(SRCROOT)/ThirdParty/opus/silk/float",
				);
				INFOPLIST_FILE = BroadcastUploadExtension/Info.plist;
				INFOPLIST_KEY_CFBundleDisplayName = BroadcastUploadExtension;
				INFOPLIST_KEY_NSHumanReadableCopyright = "";
				IPHONEOS_DEPLOYMENT_TARGET = 14.0;
				LD_RUNPATH_SEARCH_PATHS = (
					"$(inherited)",
					"@executable_path/Frameworks",
					"@executable_path/../../Frameworks",
				);
				LOCALIZATION_PREFERS_STRING_CATALOGS = YES;
				MARKETING_VERSION = 1.0;
				OTHER_CFLAGS = (
					"$(inherited)",
					"-DOPUS_BUILD",
					"-DVAR_ARRAYS",
				);
				PRODUCT_BUNDLE_IDENTIFIER = "com.mobilenext.devicekit-ios.BroadcastUploadExtension";
				PRODUCT_NAME = "$(TARGET_NAME)";
				PROVISIONING_PROFILE_SPECIFIER = "";
				SKIP_INSTALL = YES;
				STRING_CATALOG_GENERATE_SYMBOLS = YES;
				SWIFT_ACTIVE_COMPILATION_CONDITIONS = "DEBUG $(inherited)";
				SWIFT_APPROACHABLE_CONCURRENCY = YES;
				SWIFT_EMIT_LOC_STRINGS = YES;
				SWIFT_INCLUDE_PATHS = "$(inherited) $(SRCROOT)/ThirdParty/opus/include $(SRCROOT)/ThirdParty/opus/src $(SRCROOT)/ThirdParty/opus/celt $(SRCROOT)/ThirdParty/opus/silk $(SRCROOT)/ThirdParty/opus/silk/float";
				SWIFT_UPCOMING_FEATURE_MEMBER_IMPORT_VISIBILITY = YES;
				SWIFT_VERSION = 5.0;
				TARGETED_DEVICE_FAMILY = "1,2";
			};
			name = Debug;
		};
		78F689222F17EE190025C8AC /* Release */ = {
			isa = XCBuildConfiguration;
			buildSettings = {
				ASSETCATALOG_COMPILER_GENERATE_SWIFT_ASSET_SYMBOL_EXTENSIONS = YES;
				CLANG_CXX_LANGUAGE_STANDARD = "gnu++20";
				CODE_SIGN_IDENTITY = "Apple Development";
				CODE_SIGN_STYLE = Manual;
				CURRENT_PROJECT_VERSION = 1;
				DEVELOPMENT_TEAM = "";
				ENABLE_USER_SCRIPT_SANDBOXING = YES;
				GCC_C_LANGUAGE_STANDARD = gnu17;
				GENERATE_INFOPLIST_FILE = YES;
				HEADER_SEARCH_PATHS = (
					"$(inherited)",
					"$(SRCROOT)/ThirdParty/opus/include",
					"$(SRCROOT)/ThirdParty/opus/src",
					"$(SRCROOT)/ThirdParty/opus/celt",
					"$(SRCROOT)/ThirdParty/opus/silk",
					"$(SRCROOT)/ThirdParty/opus/silk/float",
				);
				INFOPLIST_FILE = BroadcastUploadExtension/Info.plist;
				INFOPLIST_KEY_CFBundleDisplayName = BroadcastUploadExtension;
				INFOPLIST_KEY_NSHumanReadableCopyright = "";
				IPHONEOS_DEPLOYMENT_TARGET = 14.0;
				LD_RUNPATH_SEARCH_PATHS = (
					"$(inherited)",
					"@executable_path/Frameworks",
					"@executable_path/../../Frameworks",
				);
				LOCALIZATION_PREFERS_STRING_CATALOGS = YES;
				MARKETING_VERSION = 1.0;
				OTHER_CFLAGS = (
					"$(inherited)",
					"-DOPUS_BUILD",
					"-DVAR_ARRAYS",
				);
				PRODUCT_BUNDLE_IDENTIFIER = "com.mobilenext.devicekit-ios.BroadcastUploadExtension";
				PRODUCT_NAME = "$(TARGET_NAME)";
				PROVISIONING_PROFILE_SPECIFIER = "";
				SKIP_INSTALL = YES;
				STRING_CATALOG_GENERATE_SYMBOLS = YES;
				SWIFT_APPROACHABLE_CONCURRENCY = YES;
				SWIFT_EMIT_LOC_STRINGS = YES;
				SWIFT_INCLUDE_PATHS = "$(inherited) $(SRCROOT)/ThirdParty/opus/include $(SRCROOT)/ThirdParty/opus/src $(SRCROOT)/ThirdParty/opus/celt $(SRCROOT)/ThirdParty/opus/silk $(SRCROOT)/ThirdParty/opus/silk/float";
				SWIFT_UPCOMING_FEATURE_MEMBER_IMPORT_VISIBILITY = YES;
				SWIFT_VERSION = 5.0;
				TARGETED_DEVICE_FAMILY = "1,2";
			};
			name = Release;
		};
		78F689252F17EE190025C8AC /* Debug */ = {
			isa = XCBuildConfiguration;
			buildSettings = {
				ASSETCATALOG_COMPILER_GENERATE_SWIFT_ASSET_SYMBOL_EXTENSIONS = YES;
				CLANG_CXX_LANGUAGE_STANDARD = "gnu++20";
				CODE_SIGN_IDENTITY = "Apple Development";
				CODE_SIGN_STYLE = Manual;
				CURRENT_PROJECT_VERSION = 1;
				DEVELOPMENT_TEAM = "";
				ENABLE_USER_SCRIPT_SANDBOXING = YES;
				GCC_C_LANGUAGE_STANDARD = gnu17;
				GENERATE_INFOPLIST_FILE = YES;
				INFOPLIST_FILE = BroadcastUploadExtensionSetupUI/Info.plist;
				INFOPLIST_KEY_CFBundleDisplayName = BroadcastUploadExtensionSetupUI;
				INFOPLIST_KEY_NSHumanReadableCopyright = "";
				IPHONEOS_DEPLOYMENT_TARGET = 14.0;
				LD_RUNPATH_SEARCH_PATHS = (
					"$(inherited)",
					"@executable_path/Frameworks",
					"@executable_path/../../Frameworks",
				);
				LOCALIZATION_PREFERS_STRING_CATALOGS = YES;
				MARKETING_VERSION = 1.0;
				PRODUCT_BUNDLE_IDENTIFIER = "com.mobilenext.devicekit-ios.BroadcastUploadExtensionSetupUI";
				PRODUCT_NAME = "$(TARGET_NAME)";
				PROVISIONING_PROFILE_SPECIFIER = "";
				SKIP_INSTALL = YES;
				STRING_CATALOG_GENERATE_SYMBOLS = YES;
				SWIFT_ACTIVE_COMPILATION_CONDITIONS = "DEBUG $(inherited)";
				SWIFT_APPROACHABLE_CONCURRENCY = YES;
				SWIFT_EMIT_LOC_STRINGS = YES;
				SWIFT_UPCOMING_FEATURE_MEMBER_IMPORT_VISIBILITY = YES;
				SWIFT_VERSION = 5.0;
				TARGETED_DEVICE_FAMILY = "1,2";
			};
			name = Debug;
		};
		78F689262F17EE190025C8AC /* Release */ = {
			isa = XCBuildConfiguration;
			buildSettings = {
				ASSETCATALOG_COMPILER_GENERATE_SWIFT_ASSET_SYMBOL_EXTENSIONS = YES;
				CLANG_CXX_LANGUAGE_STANDARD = "gnu++20";
				CODE_SIGN_IDENTITY = "Apple Development";
				CODE_SIGN_STYLE = Manual;
				CURRENT_PROJECT_VERSION = 1;
				DEVELOPMENT_TEAM = "";
				ENABLE_USER_SCRIPT_SANDBOXING = YES;
				GCC_C_LANGUAGE_STANDARD = gnu17;
				GENERATE_INFOPLIST_FILE = YES;
				INFOPLIST_FILE = BroadcastUploadExtensionSetupUI/Info.plist;
				INFOPLIST_KEY_CFBundleDisplayName = BroadcastUploadExtensionSetupUI;
				INFOPLIST_KEY_NSHumanReadableCopyright = "";
				IPHONEOS_DEPLOYMENT_TARGET = 14.0;
				LD_RUNPATH_SEARCH_PATHS = (
					"$(inherited)",
					"@executable_path/Frameworks",
					"@executable_path/../../Frameworks",
				);
				LOCALIZATION_PREFERS_STRING_CATALOGS = YES;
				MARKETING_VERSION = 1.0;
				PRODUCT_BUNDLE_IDENTIFIER = "com.mobilenext.devicekit-ios.BroadcastUploadExtensionSetupUI";
				PRODUCT_NAME = "$(TARGET_NAME)";
				PROVISIONING_PROFILE_SPECIFIER = "";
				SKIP_INSTALL = YES;
				STRING_CATALOG_GENERATE_SYMBOLS = YES;
				SWIFT_APPROACHABLE_CONCURRENCY = YES;
				SWIFT_EMIT_LOC_STRINGS = YES;
				SWIFT_UPCOMING_FEATURE_MEMBER_IMPORT_VISIBILITY = YES;
				SWIFT_VERSION = 5.0;
				TARGETED_DEVICE_FAMILY = "1,2";
			};
			name = Release;
		};
/* End XCBuildConfiguration section */

/* Begin XCConfigurationList section */
		52049BCE2935039F00807AA3 /* Build configuration list for PBXProject "devicekit-ios" */ = {
			isa = XCConfigurationList;
			buildConfigurations = (
				52049BFB293503A200807AA3 /* Debug */,
				52049BFC293503A200807AA3 /* Release */,
			);
			defaultConfigurationIsVisible = 0;
			defaultConfigurationName = Release;
		};
		52049BFD293503A200807AA3 /* Build configuration list for PBXNativeTarget "devicekit-ios" */ = {
			isa = XCConfigurationList;
			buildConfigurations = (
				52049BFE293503A200807AA3 /* Debug */,
				52049BFF293503A200807AA3 /* Release */,
			);
			defaultConfigurationIsVisible = 0;
			defaultConfigurationName = Release;
		};
		52049C03293503A200807AA3 /* Build configuration list for PBXNativeTarget "devicekit-iosUITests" */ = {
			isa = XCConfigurationList;
			buildConfigurations = (
				52049C04293503A200807AA3 /* Debug */,
				52049C05293503A200807AA3 /* Release */,
			);
			defaultConfigurationIsVisible = 0;
			defaultConfigurationName = Release;
		};
		78F689202F17EE190025C8AC /* Build configuration list for PBXNativeTarget "BroadcastUploadExtension" */ = {
			isa = XCConfigurationList;
			buildConfigurations = (
				78F689212F17EE190025C8AC /* Debug */,
				78F689222F17EE190025C8AC /* Release */,
			);
			defaultConfigurationIsVisible = 0;
			defaultConfigurationName = Release;
		};
		78F689242F17EE190025C8AC /* Build configuration list for PBXNativeTarget "BroadcastUploadExtensionSetupUI" */ = {
			isa = XCConfigurationList;
			buildConfigurations = (
				78F689252F17EE190025C8AC /* Debug */,
				78F689262F17EE190025C8AC /* Release */,
			);
			defaultConfigurationIsVisible = 0;
			defaultConfigurationName = Release;
		};
/* End XCConfigurationList section */

/* Begin XCLocalSwiftPackageReference section */
		7844BCBF2F28128A00F7E003 /* XCLocalSwiftPackageReference "opus-codec" */ = {
			isa = XCLocalSwiftPackageReference;
			relativePath = "opus-codec";
		};
		78F689002F17EDEB0025C8AC /* XCLocalSwiftPackageReference "h264-codec" */ = {
			isa = XCLocalSwiftPackageReference;
			relativePath = "h264-codec";
		};
		78F689012F17EDFA0025C8AC /* XCLocalSwiftPackageReference "tcp" */ = {
			isa = XCLocalSwiftPackageReference;
			relativePath = tcp;
		};
/* End XCLocalSwiftPackageReference section */

/* Begin XCRemoteSwiftPackageReference section */
		52049C062935E04D00807AA3 /* XCRemoteSwiftPackageReference "FlyingFox" */ = {
			isa = XCRemoteSwiftPackageReference;
			repositoryURL = "https://github.com/swhitty/FlyingFox";
			requirement = {
				kind = exactVersion;
				version = 0.22.0;
			};
		};
/* End XCRemoteSwiftPackageReference section */

/* Begin XCSwiftPackageProductDependency section */
		5279BFD52935ECE20056C609 /* FlyingFox */ = {
			isa = XCSwiftPackageProductDependency;
			package = 52049C062935E04D00807AA3 /* XCRemoteSwiftPackageReference "FlyingFox" */;
			productName = FlyingFox;
		};
		7844BCC02F28128A00F7E003 /* OpusCodec */ = {
			isa = XCSwiftPackageProductDependency;
			productName = OpusCodec;
		};
		78F689302F17EE5C0025C8AC /* H264Codec */ = {
			isa = XCSwiftPackageProductDependency;
			package = 78F689002F17EDEB0025C8AC /* XCLocalSwiftPackageReference "h264-codec" */;
			productName = H264Codec;
		};
		78F689322F17EE5C0025C8AC /* TCP */ = {
			isa = XCSwiftPackageProductDependency;
			package = 78F689012F17EDFA0025C8AC /* XCLocalSwiftPackageReference "tcp" */;
			productName = TCP;
		};
/* End XCSwiftPackageProductDependency section */
	};
	rootObject = 52049BCB2935039F00807AA3 /* Project object */;
}
